// !$*UTF8*$!
{
	archiveVersion = 1;
	classes = {
	};
	objectVersion = 46;
	objects = {

/* Begin PBXBuildFile section */
		686ED5AB1BD53F730096BC1E /* _DollerRecognizerAppDelegate.m in Sources */ = {isa = PBXBuildFile; fileRef = 686ED5931BD53F730096BC1E /* _DollerRecognizerAppDelegate.m */; settings = {COMPILER_FLAGS = "-fno-objc-arc"; }; };
		686ED5AC1BD53F730096BC1E /* CustomView.m in Sources */ = {isa = PBXBuildFile; fileRef = 686ED5941BD53F730096BC1E /* CustomView.m */; settings = {COMPILER_FLAGS = "-fno-objc-arc"; }; };
		686ED5AD1BD53F730096BC1E /* FirstViewController.m in Sources */ = {isa = PBXBuildFile; fileRef = 686ED5951BD53F730096BC1E /* FirstViewController.m */; settings = {COMPILER_FLAGS = "-fno-objc-arc"; }; };
		686ED5AE1BD53F730096BC1E /* Gesture.m in Sources */ = {isa = PBXBuildFile; fileRef = 686ED5961BD53F730096BC1E /* Gesture.m */; settings = {COMPILER_FLAGS = "-fno-objc-arc"; }; };
		686ED5AF1BD53F730096BC1E /* GestureDB.m in Sources */ = {isa = PBXBuildFile; fileRef = 686ED5971BD53F730096BC1E /* GestureDB.m */; settings = {COMPILER_FLAGS = "-fno-objc-arc"; }; };
		686ED5B01BD53F730096BC1E /* GestureLibraryTableViewController.m in Sources */ = {isa = PBXBuildFile; fileRef = 686ED5981BD53F730096BC1E /* GestureLibraryTableViewController.m */; settings = {COMPILER_FLAGS = "-fno-objc-arc"; }; };
		686ED5B11BD53F730096BC1E /* GestureRecorder.m in Sources */ = {isa = PBXBuildFile; fileRef = 686ED5991BD53F730096BC1E /* GestureRecorder.m */; settings = {COMPILER_FLAGS = "-fno-objc-arc"; }; };
		686ED5B21BD53F730096BC1E /* IFButtonCellController.m in Sources */ = {isa = PBXBuildFile; fileRef = 686ED59A1BD53F730096BC1E /* IFButtonCellController.m */; settings = {COMPILER_FLAGS = "-fno-objc-arc"; }; };
		686ED5B31BD53F730096BC1E /* IFChoiceCellController.m in Sources */ = {isa = PBXBuildFile; fileRef = 686ED59B1BD53F730096BC1E /* IFChoiceCellController.m */; settings = {COMPILER_FLAGS = "-fno-objc-arc"; }; };
		686ED5B41BD53F730096BC1E /* IFChoiceTableViewController.m in Sources */ = {isa = PBXBuildFile; fileRef = 686ED59C1BD53F730096BC1E /* IFChoiceTableViewController.m */; settings = {COMPILER_FLAGS = "-fno-objc-arc"; }; };
		686ED5B51BD53F730096BC1E /* IFControlTableViewCell.m in Sources */ = {isa = PBXBuildFile; fileRef = 686ED59D1BD53F730096BC1E /* IFControlTableViewCell.m */; settings = {COMPILER_FLAGS = "-fno-objc-arc"; }; };
		686ED5B61BD53F730096BC1E /* IFGenericTableViewController.m in Sources */ = {isa = PBXBuildFile; fileRef = 686ED59E1BD53F730096BC1E /* IFGenericTableViewController.m */; settings = {COMPILER_FLAGS = "-fno-objc-arc"; }; };
		686ED5B71BD53F730096BC1E /* IFLinkCellController.m in Sources */ = {isa = PBXBuildFile; fileRef = 686ED59F1BD53F730096BC1E /* IFLinkCellController.m */; settings = {COMPILER_FLAGS = "-fno-objc-arc"; }; };
		686ED5B81BD53F730096BC1E /* IFNamedImage.m in Sources */ = {isa = PBXBuildFile; fileRef = 686ED5A01BD53F730096BC1E /* IFNamedImage.m */; settings = {COMPILER_FLAGS = "-fno-objc-arc"; }; };
		686ED5B91BD53F730096BC1E /* IFPreferencesModel.m in Sources */ = {isa = PBXBuildFile; fileRef = 686ED5A11BD53F730096BC1E /* IFPreferencesModel.m */; settings = {COMPILER_FLAGS = "-fno-objc-arc"; }; };
		686ED5BA1BD53F730096BC1E /* IFSwitchCellController.m in Sources */ = {isa = PBXBuildFile; fileRef = 686ED5A21BD53F730096BC1E /* IFSwitchCellController.m */; settings = {COMPILER_FLAGS = "-fno-objc-arc"; }; };
		686ED5BB1BD53F730096BC1E /* IFTemporaryModel.m in Sources */ = {isa = PBXBuildFile; fileRef = 686ED5A31BD53F730096BC1E /* IFTemporaryModel.m */; settings = {COMPILER_FLAGS = "-fno-objc-arc"; }; };
		686ED5BC1BD53F730096BC1E /* IFTextCellController.m in Sources */ = {isa = PBXBuildFile; fileRef = 686ED5A41BD53F730096BC1E /* IFTextCellController.m */; settings = {COMPILER_FLAGS = "-fno-objc-arc"; }; };
		686ED5BD1BD53F730096BC1E /* IFTextViewTableView.m in Sources */ = {isa = PBXBuildFile; fileRef = 686ED5A51BD53F730096BC1E /* IFTextViewTableView.m */; settings = {COMPILER_FLAGS = "-fno-objc-arc"; }; };
		686ED5BE1BD53F730096BC1E /* IFValueCellController.m in Sources */ = {isa = PBXBuildFile; fileRef = 686ED5A61BD53F730096BC1E /* IFValueCellController.m */; settings = {COMPILER_FLAGS = "-fno-objc-arc"; }; };
		686ED5BF1BD53F730096BC1E /* Matrix.m in Sources */ = {isa = PBXBuildFile; fileRef = 686ED5A71BD53F730096BC1E /* Matrix.m */; settings = {COMPILER_FLAGS = "-fno-objc-arc"; }; };
		686ED5C01BD53F730096BC1E /* Score.m in Sources */ = {isa = PBXBuildFile; fileRef = 686ED5A81BD53F730096BC1E /* Score.m */; settings = {COMPILER_FLAGS = "-fno-objc-arc"; }; };
		686ED5C11BD53F730096BC1E /* ThreeDollarGestureRecognizer.m in Sources */ = {isa = PBXBuildFile; fileRef = 686ED5A91BD53F730096BC1E /* ThreeDollarGestureRecognizer.m */; settings = {COMPILER_FLAGS = "-fno-objc-arc"; }; };
		686ED5C21BD53F730096BC1E /* TrainingViewController.m in Sources */ = {isa = PBXBuildFile; fileRef = 686ED5AA1BD53F730096BC1E /* TrainingViewController.m */; settings = {COMPILER_FLAGS = "-fno-objc-arc"; }; };
		686ED5C51BD542C80096BC1E /* libsqlite3.0.tbd in Frameworks */ = {isa = PBXBuildFile; fileRef = 686ED5C41BD542C80096BC1E /* libsqlite3.0.tbd */; };
		7218A43F1BD625AF00199861 /* GestureTrainingView.swift in Sources */ = {isa = PBXBuildFile; fileRef = 7218A43D1BD625AF00199861 /* GestureTrainingView.swift */; settings = {ASSET_TAGS = (); }; };
		7218A4401BD625AF00199861 /* GestureTrainingViewController.swift in Sources */ = {isa = PBXBuildFile; fileRef = 7218A43E1BD625AF00199861 /* GestureTrainingViewController.swift */; settings = {ASSET_TAGS = (); }; };
		7218A4451BD627EA00199861 /* GesturesViewController.swift in Sources */ = {isa = PBXBuildFile; fileRef = 7218A4441BD627EA00199861 /* GesturesViewController.swift */; settings = {ASSET_TAGS = (); }; };
		7218A4471BD6295900199861 /* LocationsTableViewData.swift in Sources */ = {isa = PBXBuildFile; fileRef = 7218A4461BD6295900199861 /* LocationsTableViewData.swift */; settings = {ASSET_TAGS = (); }; };
		7218A4491BD6296500199861 /* GesturesTableViewData.swift in Sources */ = {isa = PBXBuildFile; fileRef = 7218A4481BD6296500199861 /* GesturesTableViewData.swift */; settings = {ASSET_TAGS = (); }; };
		7220F1341BC2A41200FC3268 /* MotionRecognizer.swift in Sources */ = {isa = PBXBuildFile; fileRef = 7220F1331BC2A41200FC3268 /* MotionRecognizer.swift */; };
		722B78E11BBD364500AD490E /* Assets.xcassets in Resources */ = {isa = PBXBuildFile; fileRef = 722B78E01BBD364500AD490E /* Assets.xcassets */; };
		722B78E41BBD364500AD490E /* LaunchScreen.storyboard in Resources */ = {isa = PBXBuildFile; fileRef = 722B78E21BBD364500AD490E /* LaunchScreen.storyboard */; };
		722B78F31BBD369600AD490E /* AppDelegate.swift in Sources */ = {isa = PBXBuildFile; fileRef = 722B78ED1BBD369600AD490E /* AppDelegate.swift */; };
		7249284F1BCEAC77009483F5 /* Alamofire.swift in Sources */ = {isa = PBXBuildFile; fileRef = 7249283D1BCEAC77009483F5 /* Alamofire.swift */; };
		724928501BCEAC77009483F5 /* Download.swift in Sources */ = {isa = PBXBuildFile; fileRef = 7249283E1BCEAC77009483F5 /* Download.swift */; };
		724928511BCEAC77009483F5 /* Error.swift in Sources */ = {isa = PBXBuildFile; fileRef = 7249283F1BCEAC77009483F5 /* Error.swift */; };
		724928521BCEAC77009483F5 /* Manager.swift in Sources */ = {isa = PBXBuildFile; fileRef = 724928401BCEAC77009483F5 /* Manager.swift */; };
		724928531BCEAC77009483F5 /* MultipartFormData.swift in Sources */ = {isa = PBXBuildFile; fileRef = 724928411BCEAC77009483F5 /* MultipartFormData.swift */; };
		724928541BCEAC77009483F5 /* ParameterEncoding.swift in Sources */ = {isa = PBXBuildFile; fileRef = 724928421BCEAC77009483F5 /* ParameterEncoding.swift */; };
		724928551BCEAC77009483F5 /* Request.swift in Sources */ = {isa = PBXBuildFile; fileRef = 724928431BCEAC77009483F5 /* Request.swift */; };
		724928561BCEAC77009483F5 /* Response.swift in Sources */ = {isa = PBXBuildFile; fileRef = 724928441BCEAC77009483F5 /* Response.swift */; };
		724928571BCEAC77009483F5 /* ResponseSerialization.swift in Sources */ = {isa = PBXBuildFile; fileRef = 724928451BCEAC77009483F5 /* ResponseSerialization.swift */; };
		724928581BCEAC77009483F5 /* Result.swift in Sources */ = {isa = PBXBuildFile; fileRef = 724928461BCEAC77009483F5 /* Result.swift */; };
		724928591BCEAC77009483F5 /* ServerTrustPolicy.swift in Sources */ = {isa = PBXBuildFile; fileRef = 724928471BCEAC77009483F5 /* ServerTrustPolicy.swift */; };
		7249285A1BCEAC77009483F5 /* Stream.swift in Sources */ = {isa = PBXBuildFile; fileRef = 724928481BCEAC77009483F5 /* Stream.swift */; };
		7249285B1BCEAC77009483F5 /* Upload.swift in Sources */ = {isa = PBXBuildFile; fileRef = 724928491BCEAC77009483F5 /* Upload.swift */; };
		7249285C1BCEAC77009483F5 /* Validation.swift in Sources */ = {isa = PBXBuildFile; fileRef = 7249284A1BCEAC77009483F5 /* Validation.swift */; };
		7249285D1BCEAC77009483F5 /* Robolayout.swift in Sources */ = {isa = PBXBuildFile; fileRef = 7249284C1BCEAC77009483F5 /* Robolayout.swift */; };
		7249285E1BCEAC77009483F5 /* SwiftyJSON.swift in Sources */ = {isa = PBXBuildFile; fileRef = 7249284E1BCEAC77009483F5 /* SwiftyJSON.swift */; };
		724928841BCEAC9F009483F5 /* Alamofire+SwiftyJSON.swift in Sources */ = {isa = PBXBuildFile; fileRef = 724928781BCEAC9F009483F5 /* Alamofire+SwiftyJSON.swift */; };
		724928851BCEAC9F009483F5 /* Client.swift in Sources */ = {isa = PBXBuildFile; fileRef = 724928791BCEAC9F009483F5 /* Client.swift */; };
		724928861BCEAC9F009483F5 /* CursorKitError.swift in Sources */ = {isa = PBXBuildFile; fileRef = 7249287A1BCEAC9F009483F5 /* CursorKitError.swift */; };
		724928871BCEAC9F009483F5 /* Failable.swift in Sources */ = {isa = PBXBuildFile; fileRef = 7249287B1BCEAC9F009483F5 /* Failable.swift */; };
		724928881BCEAC9F009483F5 /* ControllableDevice.swift in Sources */ = {isa = PBXBuildFile; fileRef = 7249287D1BCEAC9F009483F5 /* ControllableDevice.swift */; };
		724928891BCEAC9F009483F5 /* Coordinate.swift in Sources */ = {isa = PBXBuildFile; fileRef = 7249287E1BCEAC9F009483F5 /* Coordinate.swift */; };
		7249288A1BCEAC9F009483F5 /* ClientDevices.swift in Sources */ = {isa = PBXBuildFile; fileRef = 724928801BCEAC9F009483F5 /* ClientDevices.swift */; };
		7249288B1BCEAC9F009483F5 /* Resources.swift in Sources */ = {isa = PBXBuildFile; fileRef = 724928811BCEAC9F009483F5 /* Resources.swift */; };
		7273A02C1BBD3C37000DA7D2 /* Localizable.strings in Resources */ = {isa = PBXBuildFile; fileRef = 7273A02B1BBD3C37000DA7D2 /* Localizable.strings */; };
		7273A02E1BBD3C76000DA7D2 /* Localize.swift in Sources */ = {isa = PBXBuildFile; fileRef = 7273A02D1BBD3C76000DA7D2 /* Localize.swift */; };
		72B800911BC91DB100E761FE /* libEstimoteIndoorSDK.a in Frameworks */ = {isa = PBXBuildFile; fileRef = 72B800511BC91DB100E761FE /* libEstimoteIndoorSDK.a */; };
		72B800921BC91DB100E761FE /* 5a.mov in Resources */ = {isa = PBXBuildFile; fileRef = 72B800531BC91DB100E761FE /* 5a.mov */; };
		72B800931BC91DB100E761FE /* 5b.mov in Resources */ = {isa = PBXBuildFile; fileRef = 72B800541BC91DB100E761FE /* 5b.mov */; };
		72B800941BC91DB100E761FE /* 8a.mov in Resources */ = {isa = PBXBuildFile; fileRef = 72B800551BC91DB100E761FE /* 8a.mov */; };
		72B800951BC91DB100E761FE /* 8b.mov in Resources */ = {isa = PBXBuildFile; fileRef = 72B800561BC91DB100E761FE /* 8b.mov */; };
		72B800961BC91DB100E761FE /* 8c.mov in Resources */ = {isa = PBXBuildFile; fileRef = 72B800571BC91DB100E761FE /* 8c.mov */; };
		72B800971BC91DB100E761FE /* 5a_first_frame@2x.png in Resources */ = {isa = PBXBuildFile; fileRef = 72B800591BC91DB100E761FE /* 5a_first_frame@2x.png */; };
		72B800981BC91DB100E761FE /* 5b_first_frame@2x.png in Resources */ = {isa = PBXBuildFile; fileRef = 72B8005A1BC91DB100E761FE /* 5b_first_frame@2x.png */; };
		72B800991BC91DB100E761FE /* 8a_first_frame@2x.png in Resources */ = {isa = PBXBuildFile; fileRef = 72B8005B1BC91DB100E761FE /* 8a_first_frame@2x.png */; };
		72B8009A1BC91DB100E761FE /* 8b_first_frame@2x.png in Resources */ = {isa = PBXBuildFile; fileRef = 72B8005C1BC91DB100E761FE /* 8b_first_frame@2x.png */; };
		72B8009B1BC91DB100E761FE /* 8c_first_frame@2x.png in Resources */ = {isa = PBXBuildFile; fileRef = 72B8005D1BC91DB100E761FE /* 8c_first_frame@2x.png */; };
		72B8009C1BC91DB100E761FE /* beacon_grey@2x.png in Resources */ = {isa = PBXBuildFile; fileRef = 72B8005E1BC91DB100E761FE /* beacon_grey@2x.png */; };
		72B8009D1BC91DB100E761FE /* beaconblueberry@2x.png in Resources */ = {isa = PBXBuildFile; fileRef = 72B8005F1BC91DB100E761FE /* beaconblueberry@2x.png */; };
		72B8009E1BC91DB100E761FE /* beaconBlueberrySmall.png in Resources */ = {isa = PBXBuildFile; fileRef = 72B800601BC91DB100E761FE /* beaconBlueberrySmall.png */; };
		72B8009F1BC91DB100E761FE /* beaconBlueberrySmall@2x.png in Resources */ = {isa = PBXBuildFile; fileRef = 72B800611BC91DB100E761FE /* beaconBlueberrySmall@2x.png */; };
		72B800A01BC91DB100E761FE /* beacongrey@2x.png in Resources */ = {isa = PBXBuildFile; fileRef = 72B800621BC91DB100E761FE /* beacongrey@2x.png */; };
		72B800A11BC91DB100E761FE /* beaconGreySmall@2x.png in Resources */ = {isa = PBXBuildFile; fileRef = 72B800631BC91DB100E761FE /* beaconGreySmall@2x.png */; };
		72B800A21BC91DB100E761FE /* beaconicy@2x.png in Resources */ = {isa = PBXBuildFile; fileRef = 72B800641BC91DB100E761FE /* beaconicy@2x.png */; };
		72B800A31BC91DB100E761FE /* beaconIcySmall.png in Resources */ = {isa = PBXBuildFile; fileRef = 72B800651BC91DB100E761FE /* beaconIcySmall.png */; };
		72B800A41BC91DB100E761FE /* beaconIcySmall@2x.png in Resources */ = {isa = PBXBuildFile; fileRef = 72B800661BC91DB100E761FE /* beaconIcySmall@2x.png */; };
		72B800A51BC91DB100E761FE /* beaconmint@2x.png in Resources */ = {isa = PBXBuildFile; fileRef = 72B800671BC91DB100E761FE /* beaconmint@2x.png */; };
		72B800A61BC91DB100E761FE /* beaconMintSmall.png in Resources */ = {isa = PBXBuildFile; fileRef = 72B800681BC91DB100E761FE /* beaconMintSmall.png */; };
		72B800A71BC91DB100E761FE /* beaconMintSmall@2x.png in Resources */ = {isa = PBXBuildFile; fileRef = 72B800691BC91DB100E761FE /* beaconMintSmall@2x.png */; };
		72B800A81BC91DB100E761FE /* indoor_error@2x.png in Resources */ = {isa = PBXBuildFile; fileRef = 72B8006A1BC91DB100E761FE /* indoor_error@2x.png */; };
		72B800A91BC91DB100E761FE /* instructions@2x.png in Resources */ = {isa = PBXBuildFile; fileRef = 72B8006B1BC91DB100E761FE /* instructions@2x.png */; };
		72B800AA1BC91DB100E761FE /* navigation_guy@2x.png in Resources */ = {isa = PBXBuildFile; fileRef = 72B8006C1BC91DB100E761FE /* navigation_guy@2x.png */; };
		72B800AB1BC91DB100E761FE /* screen8_beacon_blue@2x.png in Resources */ = {isa = PBXBuildFile; fileRef = 72B8006D1BC91DB100E761FE /* screen8_beacon_blue@2x.png */; };
		72B800AC1BC91DB100E761FE /* screen8_beacon_gray@2x.png in Resources */ = {isa = PBXBuildFile; fileRef = 72B8006E1BC91DB100E761FE /* screen8_beacon_gray@2x.png */; };
		72B800AD1BC91DB100E761FE /* screen8_beacon_gray_trans@2x.png in Resources */ = {isa = PBXBuildFile; fileRef = 72B8006F1BC91DB100E761FE /* screen8_beacon_gray_trans@2x.png */; };
		72B800AE1BC91DB100E761FE /* screen8_beacon_green@2x.png in Resources */ = {isa = PBXBuildFile; fileRef = 72B800701BC91DB100E761FE /* screen8_beacon_green@2x.png */; };
		72B800AF1BC91DB100E761FE /* screen8_beacon_purple@2x.png in Resources */ = {isa = PBXBuildFile; fileRef = 72B800711BC91DB100E761FE /* screen8_beacon_purple@2x.png */; };
		72B800B01BC91DB100E761FE /* tick@2x.png in Resources */ = {isa = PBXBuildFile; fileRef = 72B800721BC91DB100E761FE /* tick@2x.png */; };
		72B800B11BC91DB100E761FE /* welcome@2x.png in Resources */ = {isa = PBXBuildFile; fileRef = 72B800731BC91DB100E761FE /* welcome@2x.png */; };
		72B800B21BC91DB100E761FE /* SixBeaconsView.xib in Resources */ = {isa = PBXBuildFile; fileRef = 72B800741BC91DB100E761FE /* SixBeaconsView.xib */; };
		72B800B31BC91DB100E761FE /* wall_bump.wav in Resources */ = {isa = PBXBuildFile; fileRef = 72B800751BC91DB100E761FE /* wall_bump.wav */; };
		72B800B41BC91DB100E761FE /* libEstimoteSDK.a in Frameworks */ = {isa = PBXBuildFile; fileRef = 72B800901BC91DB100E761FE /* libEstimoteSDK.a */; };
		72B800B61BC91DC500E761FE /* CoreGraphics.framework in Frameworks */ = {isa = PBXBuildFile; fileRef = 72B800B51BC91DC500E761FE /* CoreGraphics.framework */; };
		72B800B81BC91DCB00E761FE /* SystemConfiguration.framework in Frameworks */ = {isa = PBXBuildFile; fileRef = 72B800B71BC91DCB00E761FE /* SystemConfiguration.framework */; };
		72B800BA1BC91DD100E761FE /* CoreBluetooth.framework in Frameworks */ = {isa = PBXBuildFile; fileRef = 72B800B91BC91DD100E761FE /* CoreBluetooth.framework */; };
		72B800BC1BC91DD600E761FE /* CoreLocation.framework in Frameworks */ = {isa = PBXBuildFile; fileRef = 72B800BB1BC91DD600E761FE /* CoreLocation.framework */; };
		72B800BE1BC91DDD00E761FE /* CoreMotion.framework in Frameworks */ = {isa = PBXBuildFile; fileRef = 72B800BD1BC91DDD00E761FE /* CoreMotion.framework */; };
		72B800C01BC91DE200E761FE /* AudioToolbox.framework in Frameworks */ = {isa = PBXBuildFile; fileRef = 72B800BF1BC91DE200E761FE /* AudioToolbox.framework */; };
		72B800C21BC91DF200E761FE /* AVFoundation.framework in Frameworks */ = {isa = PBXBuildFile; fileRef = 72B800C11BC91DF200E761FE /* AVFoundation.framework */; };
		72B800C41BC91DF800E761FE /* MediaPlayer.framework in Frameworks */ = {isa = PBXBuildFile; fileRef = 72B800C31BC91DF800E761FE /* MediaPlayer.framework */; };
		72B800C61BC91DFE00E761FE /* MessageUI.framework in Frameworks */ = {isa = PBXBuildFile; fileRef = 72B800C51BC91DFE00E761FE /* MessageUI.framework */; };
		72C7CD361BCFEF4C0084B066 /* CursorKit.swift in Sources */ = {isa = PBXBuildFile; fileRef = 72C7CD351BCFEF4C0084B066 /* CursorKit.swift */; settings = {ASSET_TAGS = (); }; };
		72CAE6D21BBFAED100F01E09 /* CompassRoseView.swift in Sources */ = {isa = PBXBuildFile; fileRef = 72CAE6D11BBFAED100F01E09 /* CompassRoseView.swift */; };
		72CAE6D61BBFB74900F01E09 /* CompassView.swift in Sources */ = {isa = PBXBuildFile; fileRef = 72CAE6D51BBFB74900F01E09 /* CompassView.swift */; };
		72CAE6D81BBFB89400F01E09 /* Operators.swift in Sources */ = {isa = PBXBuildFile; fileRef = 72CAE6D71BBFB89400F01E09 /* Operators.swift */; };
		72CAE6DA1BBFB93400F01E09 /* Numeric.swift in Sources */ = {isa = PBXBuildFile; fileRef = 72CAE6D91BBFB93400F01E09 /* Numeric.swift */; };
		72CAE6DC1BBFB99A00F01E09 /* UIView.swift in Sources */ = {isa = PBXBuildFile; fileRef = 72CAE6DB1BBFB99A00F01E09 /* UIView.swift */; };
		72CAE6DE1BBFC3B300F01E09 /* CLLocationDirection.swift in Sources */ = {isa = PBXBuildFile; fileRef = 72CAE6DD1BBFC3B300F01E09 /* CLLocationDirection.swift */; };
		72CAE6E01BBFCAB100F01E09 /* Array.swift in Sources */ = {isa = PBXBuildFile; fileRef = 72CAE6DF1BBFCAB100F01E09 /* Array.swift */; };
		72CAE6ED1BBFDE6A00F01E09 /* DevicesGridView.swift in Sources */ = {isa = PBXBuildFile; fileRef = 72CAE6EC1BBFDE6A00F01E09 /* DevicesGridView.swift */; };
		72CAE6EF1BBFE9D000F01E09 /* VisibilityIndicatorView.swift in Sources */ = {isa = PBXBuildFile; fileRef = 72CAE6EE1BBFE9D000F01E09 /* VisibilityIndicatorView.swift */; };
		72CAE6F11BBFFB3400F01E09 /* DevicesPlanView.swift in Sources */ = {isa = PBXBuildFile; fileRef = 72CAE6F01BBFFB3400F01E09 /* DevicesPlanView.swift */; };
		72EBEAC21BD6486B00142466 /* Gestures.sqlite in Resources */ = {isa = PBXBuildFile; fileRef = 72EBEAC11BD6486B00142466 /* Gestures.sqlite */; settings = {ASSET_TAGS = (); }; };
		72EBEAC41BD64B2200142466 /* TrainedGesture.swift in Sources */ = {isa = PBXBuildFile; fileRef = 72EBEAC31BD64B2200142466 /* TrainedGesture.swift */; settings = {ASSET_TAGS = (); }; };
		72F33B291BCF855B0092C363 /* DeviceObjectView.swift in Sources */ = {isa = PBXBuildFile; fileRef = 72F33B281BCF855B0092C363 /* DeviceObjectView.swift */; settings = {ASSET_TAGS = (); }; };
		72F911651BC93BD700A0DED8 /* Dispatch.swift in Sources */ = {isa = PBXBuildFile; fileRef = 72F911641BC93BD700A0DED8 /* Dispatch.swift */; };
		72F9116B1BC9552A00A0DED8 /* RootViewController.swift in Sources */ = {isa = PBXBuildFile; fileRef = 72F9116A1BC9552A00A0DED8 /* RootViewController.swift */; };
		72F911761BC9553300A0DED8 /* CursorView.swift in Sources */ = {isa = PBXBuildFile; fileRef = 72F9116E1BC9553300A0DED8 /* CursorView.swift */; };
		72F911771BC9553300A0DED8 /* CursorViewController.swift in Sources */ = {isa = PBXBuildFile; fileRef = 72F9116F1BC9553300A0DED8 /* CursorViewController.swift */; };
		72F911781BC9553300A0DED8 /* LocationView.swift in Sources */ = {isa = PBXBuildFile; fileRef = 72F911711BC9553300A0DED8 /* LocationView.swift */; };
		72F911791BC9553300A0DED8 /* LocationViewController.swift in Sources */ = {isa = PBXBuildFile; fileRef = 72F911721BC9553300A0DED8 /* LocationViewController.swift */; };
		72F9117B1BC9553300A0DED8 /* LocationsViewController.swift in Sources */ = {isa = PBXBuildFile; fileRef = 72F911751BC9553300A0DED8 /* LocationsViewController.swift */; };
/* End PBXBuildFile section */

/* Begin PBXCopyFilesBuildPhase section */
		72739FFA1BBD3789000DA7D2 /* Embed Frameworks */ = {
			isa = PBXCopyFilesBuildPhase;
			buildActionMask = 2147483647;
			dstPath = "";
			dstSubfolderSpec = 10;
			files = (
			);
			name = "Embed Frameworks";
			runOnlyForDeploymentPostprocessing = 0;
		};
/* End PBXCopyFilesBuildPhase section */

/* Begin PBXFileReference section */
		686ED5591BD4F2DD0096BC1E /* _DollerRecognizerAppDelegate.h */ = {isa = PBXFileReference; fileEncoding = 4; lastKnownFileType = sourcecode.c.h; name = _DollerRecognizerAppDelegate.h; path = Classes/_DollerRecognizerAppDelegate.h; sourceTree = "<group>"; };
		686ED55A1BD4F2DD0096BC1E /* CustomView.h */ = {isa = PBXFileReference; fileEncoding = 4; lastKnownFileType = sourcecode.c.h; name = CustomView.h; path = Classes/CustomView.h; sourceTree = "<group>"; };
		686ED55B1BD4F2DD0096BC1E /* FirstViewController.h */ = {isa = PBXFileReference; fileEncoding = 4; lastKnownFileType = sourcecode.c.h; name = FirstViewController.h; path = Classes/FirstViewController.h; sourceTree = "<group>"; };
		686ED55C1BD4F2DD0096BC1E /* Gesture.h */ = {isa = PBXFileReference; fileEncoding = 4; lastKnownFileType = sourcecode.c.h; name = Gesture.h; path = Classes/Gesture.h; sourceTree = "<group>"; };
		686ED55D1BD4F2DD0096BC1E /* GestureDB.h */ = {isa = PBXFileReference; fileEncoding = 4; lastKnownFileType = sourcecode.c.h; name = GestureDB.h; path = Classes/GestureDB.h; sourceTree = "<group>"; };
		686ED55E1BD4F2DD0096BC1E /* GestureLibraryTableViewController.h */ = {isa = PBXFileReference; fileEncoding = 4; lastKnownFileType = sourcecode.c.h; name = GestureLibraryTableViewController.h; path = Classes/GestureLibraryTableViewController.h; sourceTree = "<group>"; };
		686ED55F1BD4F2DD0096BC1E /* GestureRecognizerDelegate.h */ = {isa = PBXFileReference; fileEncoding = 4; lastKnownFileType = sourcecode.c.h; name = GestureRecognizerDelegate.h; path = Classes/GestureRecognizerDelegate.h; sourceTree = "<group>"; };
		686ED5601BD4F2DD0096BC1E /* GestureRecorder.h */ = {isa = PBXFileReference; fileEncoding = 4; lastKnownFileType = sourcecode.c.h; name = GestureRecorder.h; path = Classes/GestureRecorder.h; sourceTree = "<group>"; };
		686ED5611BD4F2DD0096BC1E /* GestureRecorderDelegate.h */ = {isa = PBXFileReference; fileEncoding = 4; lastKnownFileType = sourcecode.c.h; name = GestureRecorderDelegate.h; path = Classes/GestureRecorderDelegate.h; sourceTree = "<group>"; };
		686ED5621BD4F2DD0096BC1E /* IFButtonCellController.h */ = {isa = PBXFileReference; fileEncoding = 4; lastKnownFileType = sourcecode.c.h; name = IFButtonCellController.h; path = Classes/IFButtonCellController.h; sourceTree = "<group>"; };
		686ED5631BD4F2DD0096BC1E /* IFCellController.h */ = {isa = PBXFileReference; fileEncoding = 4; lastKnownFileType = sourcecode.c.h; name = IFCellController.h; path = Classes/IFCellController.h; sourceTree = "<group>"; };
		686ED5641BD4F2DD0096BC1E /* IFCellModel.h */ = {isa = PBXFileReference; fileEncoding = 4; lastKnownFileType = sourcecode.c.h; name = IFCellModel.h; path = Classes/IFCellModel.h; sourceTree = "<group>"; };
		686ED5651BD4F2DD0096BC1E /* IFChoiceCellController.h */ = {isa = PBXFileReference; fileEncoding = 4; lastKnownFileType = sourcecode.c.h; name = IFChoiceCellController.h; path = Classes/IFChoiceCellController.h; sourceTree = "<group>"; };
		686ED5661BD4F2DD0096BC1E /* IFChoiceTableViewController.h */ = {isa = PBXFileReference; fileEncoding = 4; lastKnownFileType = sourcecode.c.h; name = IFChoiceTableViewController.h; path = Classes/IFChoiceTableViewController.h; sourceTree = "<group>"; };
		686ED5671BD4F2DD0096BC1E /* IFControlTableViewCell.h */ = {isa = PBXFileReference; fileEncoding = 4; lastKnownFileType = sourcecode.c.h; name = IFControlTableViewCell.h; path = Classes/IFControlTableViewCell.h; sourceTree = "<group>"; };
		686ED5681BD4F2DD0096BC1E /* IFGenericTableViewController.h */ = {isa = PBXFileReference; fileEncoding = 4; lastKnownFileType = sourcecode.c.h; name = IFGenericTableViewController.h; path = Classes/IFGenericTableViewController.h; sourceTree = "<group>"; };
		686ED5691BD4F2DD0096BC1E /* IFLinkCellController.h */ = {isa = PBXFileReference; fileEncoding = 4; lastKnownFileType = sourcecode.c.h; name = IFLinkCellController.h; path = Classes/IFLinkCellController.h; sourceTree = "<group>"; };
		686ED56A1BD4F2DD0096BC1E /* IFNamedImage.h */ = {isa = PBXFileReference; fileEncoding = 4; lastKnownFileType = sourcecode.c.h; name = IFNamedImage.h; path = Classes/IFNamedImage.h; sourceTree = "<group>"; };
		686ED56B1BD4F2DD0096BC1E /* IFPreferencesModel.h */ = {isa = PBXFileReference; fileEncoding = 4; lastKnownFileType = sourcecode.c.h; name = IFPreferencesModel.h; path = Classes/IFPreferencesModel.h; sourceTree = "<group>"; };
		686ED56C1BD4F2DD0096BC1E /* IFSwitchCellController.h */ = {isa = PBXFileReference; fileEncoding = 4; lastKnownFileType = sourcecode.c.h; name = IFSwitchCellController.h; path = Classes/IFSwitchCellController.h; sourceTree = "<group>"; };
		686ED56D1BD4F2DD0096BC1E /* IFTemporaryModel.h */ = {isa = PBXFileReference; fileEncoding = 4; lastKnownFileType = sourcecode.c.h; name = IFTemporaryModel.h; path = Classes/IFTemporaryModel.h; sourceTree = "<group>"; };
		686ED56E1BD4F2DD0096BC1E /* IFTextCellController.h */ = {isa = PBXFileReference; fileEncoding = 4; lastKnownFileType = sourcecode.c.h; name = IFTextCellController.h; path = Classes/IFTextCellController.h; sourceTree = "<group>"; };
		686ED56F1BD4F2DD0096BC1E /* IFTextViewTableView.h */ = {isa = PBXFileReference; fileEncoding = 4; lastKnownFileType = sourcecode.c.h; name = IFTextViewTableView.h; path = Classes/IFTextViewTableView.h; sourceTree = "<group>"; };
		686ED5701BD4F2DD0096BC1E /* IFValueCellController.h */ = {isa = PBXFileReference; fileEncoding = 4; lastKnownFileType = sourcecode.c.h; name = IFValueCellController.h; path = Classes/IFValueCellController.h; sourceTree = "<group>"; };
		686ED5711BD4F2DD0096BC1E /* Matrix.h */ = {isa = PBXFileReference; fileEncoding = 4; lastKnownFileType = sourcecode.c.h; name = Matrix.h; path = Classes/Matrix.h; sourceTree = "<group>"; };
		686ED5721BD4F2DD0096BC1E /* Score.h */ = {isa = PBXFileReference; fileEncoding = 4; lastKnownFileType = sourcecode.c.h; name = Score.h; path = Classes/Score.h; sourceTree = "<group>"; };
		686ED5731BD4F2DD0096BC1E /* ThreeDollarGestureRecognizer.h */ = {isa = PBXFileReference; fileEncoding = 4; lastKnownFileType = sourcecode.c.h; name = ThreeDollarGestureRecognizer.h; path = Classes/ThreeDollarGestureRecognizer.h; sourceTree = "<group>"; };
		686ED5741BD4F2DD0096BC1E /* TrainingViewController.h */ = {isa = PBXFileReference; fileEncoding = 4; lastKnownFileType = sourcecode.c.h; name = TrainingViewController.h; path = Classes/TrainingViewController.h; sourceTree = "<group>"; };
		686ED5931BD53F730096BC1E /* _DollerRecognizerAppDelegate.m */ = {isa = PBXFileReference; fileEncoding = 4; lastKnownFileType = sourcecode.c.objc; name = _DollerRecognizerAppDelegate.m; path = Classes/_DollerRecognizerAppDelegate.m; sourceTree = "<group>"; };
		686ED5941BD53F730096BC1E /* CustomView.m */ = {isa = PBXFileReference; fileEncoding = 4; lastKnownFileType = sourcecode.c.objc; name = CustomView.m; path = Classes/CustomView.m; sourceTree = "<group>"; };
		686ED5951BD53F730096BC1E /* FirstViewController.m */ = {isa = PBXFileReference; fileEncoding = 4; lastKnownFileType = sourcecode.c.objc; name = FirstViewController.m; path = Classes/FirstViewController.m; sourceTree = "<group>"; };
		686ED5961BD53F730096BC1E /* Gesture.m */ = {isa = PBXFileReference; fileEncoding = 4; lastKnownFileType = sourcecode.c.objc; name = Gesture.m; path = Classes/Gesture.m; sourceTree = "<group>"; };
		686ED5971BD53F730096BC1E /* GestureDB.m */ = {isa = PBXFileReference; fileEncoding = 4; lastKnownFileType = sourcecode.c.objc; name = GestureDB.m; path = Classes/GestureDB.m; sourceTree = "<group>"; };
		686ED5981BD53F730096BC1E /* GestureLibraryTableViewController.m */ = {isa = PBXFileReference; fileEncoding = 4; lastKnownFileType = sourcecode.c.objc; name = GestureLibraryTableViewController.m; path = Classes/GestureLibraryTableViewController.m; sourceTree = "<group>"; };
		686ED5991BD53F730096BC1E /* GestureRecorder.m */ = {isa = PBXFileReference; fileEncoding = 4; lastKnownFileType = sourcecode.c.objc; name = GestureRecorder.m; path = Classes/GestureRecorder.m; sourceTree = "<group>"; };
		686ED59A1BD53F730096BC1E /* IFButtonCellController.m */ = {isa = PBXFileReference; fileEncoding = 4; lastKnownFileType = sourcecode.c.objc; name = IFButtonCellController.m; path = Classes/IFButtonCellController.m; sourceTree = "<group>"; };
		686ED59B1BD53F730096BC1E /* IFChoiceCellController.m */ = {isa = PBXFileReference; fileEncoding = 4; lastKnownFileType = sourcecode.c.objc; name = IFChoiceCellController.m; path = Classes/IFChoiceCellController.m; sourceTree = "<group>"; };
		686ED59C1BD53F730096BC1E /* IFChoiceTableViewController.m */ = {isa = PBXFileReference; fileEncoding = 4; lastKnownFileType = sourcecode.c.objc; name = IFChoiceTableViewController.m; path = Classes/IFChoiceTableViewController.m; sourceTree = "<group>"; };
		686ED59D1BD53F730096BC1E /* IFControlTableViewCell.m */ = {isa = PBXFileReference; fileEncoding = 4; lastKnownFileType = sourcecode.c.objc; name = IFControlTableViewCell.m; path = Classes/IFControlTableViewCell.m; sourceTree = "<group>"; };
		686ED59E1BD53F730096BC1E /* IFGenericTableViewController.m */ = {isa = PBXFileReference; fileEncoding = 4; lastKnownFileType = sourcecode.c.objc; name = IFGenericTableViewController.m; path = Classes/IFGenericTableViewController.m; sourceTree = "<group>"; };
		686ED59F1BD53F730096BC1E /* IFLinkCellController.m */ = {isa = PBXFileReference; fileEncoding = 4; lastKnownFileType = sourcecode.c.objc; name = IFLinkCellController.m; path = Classes/IFLinkCellController.m; sourceTree = "<group>"; };
		686ED5A01BD53F730096BC1E /* IFNamedImage.m */ = {isa = PBXFileReference; fileEncoding = 4; lastKnownFileType = sourcecode.c.objc; name = IFNamedImage.m; path = Classes/IFNamedImage.m; sourceTree = "<group>"; };
		686ED5A11BD53F730096BC1E /* IFPreferencesModel.m */ = {isa = PBXFileReference; fileEncoding = 4; lastKnownFileType = sourcecode.c.objc; name = IFPreferencesModel.m; path = Classes/IFPreferencesModel.m; sourceTree = "<group>"; };
		686ED5A21BD53F730096BC1E /* IFSwitchCellController.m */ = {isa = PBXFileReference; fileEncoding = 4; lastKnownFileType = sourcecode.c.objc; name = IFSwitchCellController.m; path = Classes/IFSwitchCellController.m; sourceTree = "<group>"; };
		686ED5A31BD53F730096BC1E /* IFTemporaryModel.m */ = {isa = PBXFileReference; fileEncoding = 4; lastKnownFileType = sourcecode.c.objc; name = IFTemporaryModel.m; path = Classes/IFTemporaryModel.m; sourceTree = "<group>"; };
		686ED5A41BD53F730096BC1E /* IFTextCellController.m */ = {isa = PBXFileReference; fileEncoding = 4; lastKnownFileType = sourcecode.c.objc; name = IFTextCellController.m; path = Classes/IFTextCellController.m; sourceTree = "<group>"; };
		686ED5A51BD53F730096BC1E /* IFTextViewTableView.m */ = {isa = PBXFileReference; fileEncoding = 4; lastKnownFileType = sourcecode.c.objc; name = IFTextViewTableView.m; path = Classes/IFTextViewTableView.m; sourceTree = "<group>"; };
		686ED5A61BD53F730096BC1E /* IFValueCellController.m */ = {isa = PBXFileReference; fileEncoding = 4; lastKnownFileType = sourcecode.c.objc; name = IFValueCellController.m; path = Classes/IFValueCellController.m; sourceTree = "<group>"; };
		686ED5A71BD53F730096BC1E /* Matrix.m */ = {isa = PBXFileReference; fileEncoding = 4; lastKnownFileType = sourcecode.c.objc; name = Matrix.m; path = Classes/Matrix.m; sourceTree = "<group>"; };
		686ED5A81BD53F730096BC1E /* Score.m */ = {isa = PBXFileReference; fileEncoding = 4; lastKnownFileType = sourcecode.c.objc; name = Score.m; path = Classes/Score.m; sourceTree = "<group>"; };
		686ED5A91BD53F730096BC1E /* ThreeDollarGestureRecognizer.m */ = {isa = PBXFileReference; fileEncoding = 4; lastKnownFileType = sourcecode.c.objc; name = ThreeDollarGestureRecognizer.m; path = Classes/ThreeDollarGestureRecognizer.m; sourceTree = "<group>"; };
		686ED5AA1BD53F730096BC1E /* TrainingViewController.m */ = {isa = PBXFileReference; fileEncoding = 4; lastKnownFileType = sourcecode.c.objc; name = TrainingViewController.m; path = Classes/TrainingViewController.m; sourceTree = "<group>"; };
		686ED5C41BD542C80096BC1E /* libsqlite3.0.tbd */ = {isa = PBXFileReference; lastKnownFileType = "sourcecode.text-based-dylib-definition"; name = libsqlite3.0.tbd; path = usr/lib/libsqlite3.0.tbd; sourceTree = SDKROOT; };
		7218A43D1BD625AF00199861 /* GestureTrainingView.swift */ = {isa = PBXFileReference; fileEncoding = 4; lastKnownFileType = sourcecode.swift; path = GestureTrainingView.swift; sourceTree = "<group>"; };
		7218A43E1BD625AF00199861 /* GestureTrainingViewController.swift */ = {isa = PBXFileReference; fileEncoding = 4; lastKnownFileType = sourcecode.swift; path = GestureTrainingViewController.swift; sourceTree = "<group>"; };
		7218A4441BD627EA00199861 /* GesturesViewController.swift */ = {isa = PBXFileReference; fileEncoding = 4; lastKnownFileType = sourcecode.swift; path = GesturesViewController.swift; sourceTree = "<group>"; };
		7218A4461BD6295900199861 /* LocationsTableViewData.swift */ = {isa = PBXFileReference; fileEncoding = 4; lastKnownFileType = sourcecode.swift; path = LocationsTableViewData.swift; sourceTree = "<group>"; };
		7218A4481BD6296500199861 /* GesturesTableViewData.swift */ = {isa = PBXFileReference; fileEncoding = 4; lastKnownFileType = sourcecode.swift; path = GesturesTableViewData.swift; sourceTree = "<group>"; };
		7220F1331BC2A41200FC3268 /* MotionRecognizer.swift */ = {isa = PBXFileReference; fileEncoding = 4; lastKnownFileType = sourcecode.swift; path = MotionRecognizer.swift; sourceTree = "<group>"; };
		722B78D61BBD364500AD490E /* Cursor.app */ = {isa = PBXFileReference; explicitFileType = wrapper.application; includeInIndex = 0; path = Cursor.app; sourceTree = BUILT_PRODUCTS_DIR; };
		722B78E01BBD364500AD490E /* Assets.xcassets */ = {isa = PBXFileReference; lastKnownFileType = folder.assetcatalog; path = Assets.xcassets; sourceTree = "<group>"; };
		722B78E31BBD364500AD490E /* Base */ = {isa = PBXFileReference; lastKnownFileType = file.storyboard; name = Base; path = Base.lproj/LaunchScreen.storyboard; sourceTree = "<group>"; };
		722B78E51BBD364500AD490E /* Info.plist */ = {isa = PBXFileReference; lastKnownFileType = text.plist.xml; path = Info.plist; sourceTree = "<group>"; };
		722B78ED1BBD369600AD490E /* AppDelegate.swift */ = {isa = PBXFileReference; fileEncoding = 4; lastKnownFileType = sourcecode.swift; path = AppDelegate.swift; sourceTree = "<group>"; };
		7249283D1BCEAC77009483F5 /* Alamofire.swift */ = {isa = PBXFileReference; fileEncoding = 4; lastKnownFileType = sourcecode.swift; path = Alamofire.swift; sourceTree = "<group>"; };
		7249283E1BCEAC77009483F5 /* Download.swift */ = {isa = PBXFileReference; fileEncoding = 4; lastKnownFileType = sourcecode.swift; path = Download.swift; sourceTree = "<group>"; };
		7249283F1BCEAC77009483F5 /* Error.swift */ = {isa = PBXFileReference; fileEncoding = 4; lastKnownFileType = sourcecode.swift; path = Error.swift; sourceTree = "<group>"; };
		724928401BCEAC77009483F5 /* Manager.swift */ = {isa = PBXFileReference; fileEncoding = 4; lastKnownFileType = sourcecode.swift; path = Manager.swift; sourceTree = "<group>"; };
		724928411BCEAC77009483F5 /* MultipartFormData.swift */ = {isa = PBXFileReference; fileEncoding = 4; lastKnownFileType = sourcecode.swift; path = MultipartFormData.swift; sourceTree = "<group>"; };
		724928421BCEAC77009483F5 /* ParameterEncoding.swift */ = {isa = PBXFileReference; fileEncoding = 4; lastKnownFileType = sourcecode.swift; path = ParameterEncoding.swift; sourceTree = "<group>"; };
		724928431BCEAC77009483F5 /* Request.swift */ = {isa = PBXFileReference; fileEncoding = 4; lastKnownFileType = sourcecode.swift; path = Request.swift; sourceTree = "<group>"; };
		724928441BCEAC77009483F5 /* Response.swift */ = {isa = PBXFileReference; fileEncoding = 4; lastKnownFileType = sourcecode.swift; path = Response.swift; sourceTree = "<group>"; };
		724928451BCEAC77009483F5 /* ResponseSerialization.swift */ = {isa = PBXFileReference; fileEncoding = 4; lastKnownFileType = sourcecode.swift; path = ResponseSerialization.swift; sourceTree = "<group>"; };
		724928461BCEAC77009483F5 /* Result.swift */ = {isa = PBXFileReference; fileEncoding = 4; lastKnownFileType = sourcecode.swift; path = Result.swift; sourceTree = "<group>"; };
		724928471BCEAC77009483F5 /* ServerTrustPolicy.swift */ = {isa = PBXFileReference; fileEncoding = 4; lastKnownFileType = sourcecode.swift; path = ServerTrustPolicy.swift; sourceTree = "<group>"; };
		724928481BCEAC77009483F5 /* Stream.swift */ = {isa = PBXFileReference; fileEncoding = 4; lastKnownFileType = sourcecode.swift; path = Stream.swift; sourceTree = "<group>"; };
		724928491BCEAC77009483F5 /* Upload.swift */ = {isa = PBXFileReference; fileEncoding = 4; lastKnownFileType = sourcecode.swift; path = Upload.swift; sourceTree = "<group>"; };
		7249284A1BCEAC77009483F5 /* Validation.swift */ = {isa = PBXFileReference; fileEncoding = 4; lastKnownFileType = sourcecode.swift; path = Validation.swift; sourceTree = "<group>"; };
		7249284C1BCEAC77009483F5 /* Robolayout.swift */ = {isa = PBXFileReference; fileEncoding = 4; lastKnownFileType = sourcecode.swift; path = Robolayout.swift; sourceTree = "<group>"; };
		7249284E1BCEAC77009483F5 /* SwiftyJSON.swift */ = {isa = PBXFileReference; fileEncoding = 4; lastKnownFileType = sourcecode.swift; path = SwiftyJSON.swift; sourceTree = "<group>"; };
		724928781BCEAC9F009483F5 /* Alamofire+SwiftyJSON.swift */ = {isa = PBXFileReference; fileEncoding = 4; lastKnownFileType = sourcecode.swift; path = "Alamofire+SwiftyJSON.swift"; sourceTree = "<group>"; };
		724928791BCEAC9F009483F5 /* Client.swift */ = {isa = PBXFileReference; fileEncoding = 4; lastKnownFileType = sourcecode.swift; path = Client.swift; sourceTree = "<group>"; };
		7249287A1BCEAC9F009483F5 /* CursorKitError.swift */ = {isa = PBXFileReference; fileEncoding = 4; lastKnownFileType = sourcecode.swift; path = CursorKitError.swift; sourceTree = "<group>"; };
		7249287B1BCEAC9F009483F5 /* Failable.swift */ = {isa = PBXFileReference; fileEncoding = 4; lastKnownFileType = sourcecode.swift; path = Failable.swift; sourceTree = "<group>"; };
		7249287D1BCEAC9F009483F5 /* ControllableDevice.swift */ = {isa = PBXFileReference; fileEncoding = 4; lastKnownFileType = sourcecode.swift; path = ControllableDevice.swift; sourceTree = "<group>"; };
		7249287E1BCEAC9F009483F5 /* Coordinate.swift */ = {isa = PBXFileReference; fileEncoding = 4; lastKnownFileType = sourcecode.swift; path = Coordinate.swift; sourceTree = "<group>"; };
		724928801BCEAC9F009483F5 /* ClientDevices.swift */ = {isa = PBXFileReference; fileEncoding = 4; lastKnownFileType = sourcecode.swift; path = ClientDevices.swift; sourceTree = "<group>"; };
		724928811BCEAC9F009483F5 /* Resources.swift */ = {isa = PBXFileReference; fileEncoding = 4; lastKnownFileType = sourcecode.swift; path = Resources.swift; sourceTree = "<group>"; };
		7273A02B1BBD3C37000DA7D2 /* Localizable.strings */ = {isa = PBXFileReference; fileEncoding = 4; lastKnownFileType = text.plist.strings; path = Localizable.strings; sourceTree = "<group>"; };
		7273A02D1BBD3C76000DA7D2 /* Localize.swift */ = {isa = PBXFileReference; fileEncoding = 4; lastKnownFileType = sourcecode.swift; path = Localize.swift; sourceTree = "<group>"; };
		728E03D41BC91E89008B8368 /* Cursor-BridgingHeader.h */ = {isa = PBXFileReference; lastKnownFileType = sourcecode.c.h; name = "Cursor-BridgingHeader.h"; path = "Source/Cursor-BridgingHeader.h"; sourceTree = "<group>"; };
		72B800461BC91DB100E761FE /* ESTIndoorLocationManager.h */ = {isa = PBXFileReference; fileEncoding = 4; lastKnownFileType = sourcecode.c.h; path = ESTIndoorLocationManager.h; sourceTree = "<group>"; };
		72B800471BC91DB100E761FE /* ESTIndoorLocationView.h */ = {isa = PBXFileReference; fileEncoding = 4; lastKnownFileType = sourcecode.c.h; path = ESTIndoorLocationView.h; sourceTree = "<group>"; };
		72B800481BC91DB100E761FE /* ESTIndoorSDK.h */ = {isa = PBXFileReference; fileEncoding = 4; lastKnownFileType = sourcecode.c.h; path = ESTIndoorSDK.h; sourceTree = "<group>"; };
		72B800491BC91DB100E761FE /* ESTLocation.h */ = {isa = PBXFileReference; fileEncoding = 4; lastKnownFileType = sourcecode.c.h; path = ESTLocation.h; sourceTree = "<group>"; };
		72B8004A1BC91DB100E761FE /* ESTLocationBuilder.h */ = {isa = PBXFileReference; fileEncoding = 4; lastKnownFileType = sourcecode.c.h; path = ESTLocationBuilder.h; sourceTree = "<group>"; };
		72B8004B1BC91DB100E761FE /* ESTLocationLinearObject.h */ = {isa = PBXFileReference; fileEncoding = 4; lastKnownFileType = sourcecode.c.h; path = ESTLocationLinearObject.h; sourceTree = "<group>"; };
		72B8004C1BC91DB100E761FE /* ESTOrientedLineSegment.h */ = {isa = PBXFileReference; fileEncoding = 4; lastKnownFileType = sourcecode.c.h; path = ESTOrientedLineSegment.h; sourceTree = "<group>"; };
		72B8004D1BC91DB100E761FE /* ESTOrientedPoint.h */ = {isa = PBXFileReference; fileEncoding = 4; lastKnownFileType = sourcecode.c.h; path = ESTOrientedPoint.h; sourceTree = "<group>"; };
		72B8004E1BC91DB100E761FE /* ESTPoint.h */ = {isa = PBXFileReference; fileEncoding = 4; lastKnownFileType = sourcecode.c.h; path = ESTPoint.h; sourceTree = "<group>"; };
		72B8004F1BC91DB100E761FE /* ESTPositionedBeacon.h */ = {isa = PBXFileReference; fileEncoding = 4; lastKnownFileType = sourcecode.c.h; path = ESTPositionedBeacon.h; sourceTree = "<group>"; };
		72B800501BC91DB100E761FE /* ESTPositionView.h */ = {isa = PBXFileReference; fileEncoding = 4; lastKnownFileType = sourcecode.c.h; path = ESTPositionView.h; sourceTree = "<group>"; };
		72B800511BC91DB100E761FE /* libEstimoteIndoorSDK.a */ = {isa = PBXFileReference; lastKnownFileType = archive.ar; path = libEstimoteIndoorSDK.a; sourceTree = "<group>"; };
		72B800531BC91DB100E761FE /* 5a.mov */ = {isa = PBXFileReference; lastKnownFileType = video.quicktime; path = 5a.mov; sourceTree = "<group>"; };
		72B800541BC91DB100E761FE /* 5b.mov */ = {isa = PBXFileReference; lastKnownFileType = video.quicktime; path = 5b.mov; sourceTree = "<group>"; };
		72B800551BC91DB100E761FE /* 8a.mov */ = {isa = PBXFileReference; lastKnownFileType = video.quicktime; path = 8a.mov; sourceTree = "<group>"; };
		72B800561BC91DB100E761FE /* 8b.mov */ = {isa = PBXFileReference; lastKnownFileType = video.quicktime; path = 8b.mov; sourceTree = "<group>"; };
		72B800571BC91DB100E761FE /* 8c.mov */ = {isa = PBXFileReference; lastKnownFileType = video.quicktime; path = 8c.mov; sourceTree = "<group>"; };
		72B800591BC91DB100E761FE /* 5a_first_frame@2x.png */ = {isa = PBXFileReference; lastKnownFileType = image.png; path = "5a_first_frame@2x.png"; sourceTree = "<group>"; };
		72B8005A1BC91DB100E761FE /* 5b_first_frame@2x.png */ = {isa = PBXFileReference; lastKnownFileType = image.png; path = "5b_first_frame@2x.png"; sourceTree = "<group>"; };
		72B8005B1BC91DB100E761FE /* 8a_first_frame@2x.png */ = {isa = PBXFileReference; lastKnownFileType = image.png; path = "8a_first_frame@2x.png"; sourceTree = "<group>"; };
		72B8005C1BC91DB100E761FE /* 8b_first_frame@2x.png */ = {isa = PBXFileReference; lastKnownFileType = image.png; path = "8b_first_frame@2x.png"; sourceTree = "<group>"; };
		72B8005D1BC91DB100E761FE /* 8c_first_frame@2x.png */ = {isa = PBXFileReference; lastKnownFileType = image.png; path = "8c_first_frame@2x.png"; sourceTree = "<group>"; };
		72B8005E1BC91DB100E761FE /* beacon_grey@2x.png */ = {isa = PBXFileReference; lastKnownFileType = image.png; path = "beacon_grey@2x.png"; sourceTree = "<group>"; };
		72B8005F1BC91DB100E761FE /* beaconblueberry@2x.png */ = {isa = PBXFileReference; lastKnownFileType = image.png; path = "beaconblueberry@2x.png"; sourceTree = "<group>"; };
		72B800601BC91DB100E761FE /* beaconBlueberrySmall.png */ = {isa = PBXFileReference; lastKnownFileType = image.png; path = beaconBlueberrySmall.png; sourceTree = "<group>"; };
		72B800611BC91DB100E761FE /* beaconBlueberrySmall@2x.png */ = {isa = PBXFileReference; lastKnownFileType = image.png; path = "beaconBlueberrySmall@2x.png"; sourceTree = "<group>"; };
		72B800621BC91DB100E761FE /* beacongrey@2x.png */ = {isa = PBXFileReference; lastKnownFileType = image.png; path = "beacongrey@2x.png"; sourceTree = "<group>"; };
		72B800631BC91DB100E761FE /* beaconGreySmall@2x.png */ = {isa = PBXFileReference; lastKnownFileType = image.png; path = "beaconGreySmall@2x.png"; sourceTree = "<group>"; };
		72B800641BC91DB100E761FE /* beaconicy@2x.png */ = {isa = PBXFileReference; lastKnownFileType = image.png; path = "beaconicy@2x.png"; sourceTree = "<group>"; };
		72B800651BC91DB100E761FE /* beaconIcySmall.png */ = {isa = PBXFileReference; lastKnownFileType = image.png; path = beaconIcySmall.png; sourceTree = "<group>"; };
		72B800661BC91DB100E761FE /* beaconIcySmall@2x.png */ = {isa = PBXFileReference; lastKnownFileType = image.png; path = "beaconIcySmall@2x.png"; sourceTree = "<group>"; };
		72B800671BC91DB100E761FE /* beaconmint@2x.png */ = {isa = PBXFileReference; lastKnownFileType = image.png; path = "beaconmint@2x.png"; sourceTree = "<group>"; };
		72B800681BC91DB100E761FE /* beaconMintSmall.png */ = {isa = PBXFileReference; lastKnownFileType = image.png; path = beaconMintSmall.png; sourceTree = "<group>"; };
		72B800691BC91DB100E761FE /* beaconMintSmall@2x.png */ = {isa = PBXFileReference; lastKnownFileType = image.png; path = "beaconMintSmall@2x.png"; sourceTree = "<group>"; };
		72B8006A1BC91DB100E761FE /* indoor_error@2x.png */ = {isa = PBXFileReference; lastKnownFileType = image.png; path = "indoor_error@2x.png"; sourceTree = "<group>"; };
		72B8006B1BC91DB100E761FE /* instructions@2x.png */ = {isa = PBXFileReference; lastKnownFileType = image.png; path = "instructions@2x.png"; sourceTree = "<group>"; };
		72B8006C1BC91DB100E761FE /* navigation_guy@2x.png */ = {isa = PBXFileReference; lastKnownFileType = image.png; path = "navigation_guy@2x.png"; sourceTree = "<group>"; };
		72B8006D1BC91DB100E761FE /* screen8_beacon_blue@2x.png */ = {isa = PBXFileReference; lastKnownFileType = image.png; path = "screen8_beacon_blue@2x.png"; sourceTree = "<group>"; };
		72B8006E1BC91DB100E761FE /* screen8_beacon_gray@2x.png */ = {isa = PBXFileReference; lastKnownFileType = image.png; path = "screen8_beacon_gray@2x.png"; sourceTree = "<group>"; };
		72B8006F1BC91DB100E761FE /* screen8_beacon_gray_trans@2x.png */ = {isa = PBXFileReference; lastKnownFileType = image.png; path = "screen8_beacon_gray_trans@2x.png"; sourceTree = "<group>"; };
		72B800701BC91DB100E761FE /* screen8_beacon_green@2x.png */ = {isa = PBXFileReference; lastKnownFileType = image.png; path = "screen8_beacon_green@2x.png"; sourceTree = "<group>"; };
		72B800711BC91DB100E761FE /* screen8_beacon_purple@2x.png */ = {isa = PBXFileReference; lastKnownFileType = image.png; path = "screen8_beacon_purple@2x.png"; sourceTree = "<group>"; };
		72B800721BC91DB100E761FE /* tick@2x.png */ = {isa = PBXFileReference; lastKnownFileType = image.png; path = "tick@2x.png"; sourceTree = "<group>"; };
		72B800731BC91DB100E761FE /* welcome@2x.png */ = {isa = PBXFileReference; lastKnownFileType = image.png; path = "welcome@2x.png"; sourceTree = "<group>"; };
		72B800741BC91DB100E761FE /* SixBeaconsView.xib */ = {isa = PBXFileReference; fileEncoding = 4; lastKnownFileType = file.xib; path = SixBeaconsView.xib; sourceTree = "<group>"; };
		72B800751BC91DB100E761FE /* wall_bump.wav */ = {isa = PBXFileReference; lastKnownFileType = audio.wav; path = wall_bump.wav; sourceTree = "<group>"; };
		72B800781BC91DB100E761FE /* ESTBeacon.h */ = {isa = PBXFileReference; fileEncoding = 4; lastKnownFileType = sourcecode.c.h; path = ESTBeacon.h; sourceTree = "<group>"; };
		72B800791BC91DB100E761FE /* ESTBeaconDefinitions.h */ = {isa = PBXFileReference; fileEncoding = 4; lastKnownFileType = sourcecode.c.h; path = ESTBeaconDefinitions.h; sourceTree = "<group>"; };
		72B8007A1BC91DB100E761FE /* ESTBeaconFirmwareVO.h */ = {isa = PBXFileReference; fileEncoding = 4; lastKnownFileType = sourcecode.c.h; path = ESTBeaconFirmwareVO.h; sourceTree = "<group>"; };
		72B8007B1BC91DB100E761FE /* ESTBeaconManager.h */ = {isa = PBXFileReference; fileEncoding = 4; lastKnownFileType = sourcecode.c.h; path = ESTBeaconManager.h; sourceTree = "<group>"; };
		72B8007C1BC91DB100E761FE /* ESTBeaconRegion.h */ = {isa = PBXFileReference; fileEncoding = 4; lastKnownFileType = sourcecode.c.h; path = ESTBeaconRegion.h; sourceTree = "<group>"; };
		72B8007D1BC91DB100E761FE /* ESTBeaconUpdateConfig.h */ = {isa = PBXFileReference; fileEncoding = 4; lastKnownFileType = sourcecode.c.h; path = ESTBeaconUpdateConfig.h; sourceTree = "<group>"; };
		72B8007E1BC91DB100E761FE /* ESTBeaconUpdateInfo.h */ = {isa = PBXFileReference; fileEncoding = 4; lastKnownFileType = sourcecode.c.h; path = ESTBeaconUpdateInfo.h; sourceTree = "<group>"; };
		72B8007F1BC91DB100E761FE /* ESTBeaconVO.h */ = {isa = PBXFileReference; fileEncoding = 4; lastKnownFileType = sourcecode.c.h; path = ESTBeaconVO.h; sourceTree = "<group>"; };
		72B800801BC91DB100E761FE /* ESTBulkUpdater.h */ = {isa = PBXFileReference; fileEncoding = 4; lastKnownFileType = sourcecode.c.h; path = ESTBulkUpdater.h; sourceTree = "<group>"; };
		72B800811BC91DB100E761FE /* ESTConfig.h */ = {isa = PBXFileReference; fileEncoding = 4; lastKnownFileType = sourcecode.c.h; path = ESTConfig.h; sourceTree = "<group>"; };
		72B800821BC91DB100E761FE /* ESTDateRule.h */ = {isa = PBXFileReference; fileEncoding = 4; lastKnownFileType = sourcecode.c.h; path = ESTDateRule.h; sourceTree = "<group>"; };
		72B800831BC91DB100E761FE /* ESTDefinitions.h */ = {isa = PBXFileReference; fileEncoding = 4; lastKnownFileType = sourcecode.c.h; path = ESTDefinitions.h; sourceTree = "<group>"; };
		72B800841BC91DB100E761FE /* ESTFirmwareInfoVO.h */ = {isa = PBXFileReference; fileEncoding = 4; lastKnownFileType = sourcecode.c.h; path = ESTFirmwareInfoVO.h; sourceTree = "<group>"; };
		72B800851BC91DB100E761FE /* ESTMotionRule.h */ = {isa = PBXFileReference; fileEncoding = 4; lastKnownFileType = sourcecode.c.h; path = ESTMotionRule.h; sourceTree = "<group>"; };
		72B800861BC91DB100E761FE /* ESTNearable.h */ = {isa = PBXFileReference; fileEncoding = 4; lastKnownFileType = sourcecode.c.h; path = ESTNearable.h; sourceTree = "<group>"; };
		72B800871BC91DB100E761FE /* ESTNearableDefinitions.h */ = {isa = PBXFileReference; fileEncoding = 4; lastKnownFileType = sourcecode.c.h; path = ESTNearableDefinitions.h; sourceTree = "<group>"; };
		72B800881BC91DB100E761FE /* ESTNearableManager.h */ = {isa = PBXFileReference; fileEncoding = 4; lastKnownFileType = sourcecode.c.h; path = ESTNearableManager.h; sourceTree = "<group>"; };
		72B800891BC91DB100E761FE /* ESTNearableRule.h */ = {isa = PBXFileReference; fileEncoding = 4; lastKnownFileType = sourcecode.c.h; path = ESTNearableRule.h; sourceTree = "<group>"; };
		72B8008A1BC91DB100E761FE /* ESTOrientationRule.h */ = {isa = PBXFileReference; fileEncoding = 4; lastKnownFileType = sourcecode.c.h; path = ESTOrientationRule.h; sourceTree = "<group>"; };
		72B8008B1BC91DB100E761FE /* ESTProximityRule.h */ = {isa = PBXFileReference; fileEncoding = 4; lastKnownFileType = sourcecode.c.h; path = ESTProximityRule.h; sourceTree = "<group>"; };
		72B8008C1BC91DB100E761FE /* ESTRule.h */ = {isa = PBXFileReference; fileEncoding = 4; lastKnownFileType = sourcecode.c.h; path = ESTRule.h; sourceTree = "<group>"; };
		72B8008D1BC91DB100E761FE /* ESTTemperatureRule.h */ = {isa = PBXFileReference; fileEncoding = 4; lastKnownFileType = sourcecode.c.h; path = ESTTemperatureRule.h; sourceTree = "<group>"; };
		72B8008E1BC91DB100E761FE /* ESTTrigger.h */ = {isa = PBXFileReference; fileEncoding = 4; lastKnownFileType = sourcecode.c.h; path = ESTTrigger.h; sourceTree = "<group>"; };
		72B8008F1BC91DB100E761FE /* ESTTriggerManager.h */ = {isa = PBXFileReference; fileEncoding = 4; lastKnownFileType = sourcecode.c.h; path = ESTTriggerManager.h; sourceTree = "<group>"; };
		72B800901BC91DB100E761FE /* libEstimoteSDK.a */ = {isa = PBXFileReference; lastKnownFileType = archive.ar; path = libEstimoteSDK.a; sourceTree = "<group>"; };
		72B800B51BC91DC500E761FE /* CoreGraphics.framework */ = {isa = PBXFileReference; lastKnownFileType = wrapper.framework; name = CoreGraphics.framework; path = System/Library/Frameworks/CoreGraphics.framework; sourceTree = SDKROOT; };
		72B800B71BC91DCB00E761FE /* SystemConfiguration.framework */ = {isa = PBXFileReference; lastKnownFileType = wrapper.framework; name = SystemConfiguration.framework; path = System/Library/Frameworks/SystemConfiguration.framework; sourceTree = SDKROOT; };
		72B800B91BC91DD100E761FE /* CoreBluetooth.framework */ = {isa = PBXFileReference; lastKnownFileType = wrapper.framework; name = CoreBluetooth.framework; path = System/Library/Frameworks/CoreBluetooth.framework; sourceTree = SDKROOT; };
		72B800BB1BC91DD600E761FE /* CoreLocation.framework */ = {isa = PBXFileReference; lastKnownFileType = wrapper.framework; name = CoreLocation.framework; path = System/Library/Frameworks/CoreLocation.framework; sourceTree = SDKROOT; };
		72B800BD1BC91DDD00E761FE /* CoreMotion.framework */ = {isa = PBXFileReference; lastKnownFileType = wrapper.framework; name = CoreMotion.framework; path = System/Library/Frameworks/CoreMotion.framework; sourceTree = SDKROOT; };
		72B800BF1BC91DE200E761FE /* AudioToolbox.framework */ = {isa = PBXFileReference; lastKnownFileType = wrapper.framework; name = AudioToolbox.framework; path = System/Library/Frameworks/AudioToolbox.framework; sourceTree = SDKROOT; };
		72B800C11BC91DF200E761FE /* AVFoundation.framework */ = {isa = PBXFileReference; lastKnownFileType = wrapper.framework; name = AVFoundation.framework; path = System/Library/Frameworks/AVFoundation.framework; sourceTree = SDKROOT; };
		72B800C31BC91DF800E761FE /* MediaPlayer.framework */ = {isa = PBXFileReference; lastKnownFileType = wrapper.framework; name = MediaPlayer.framework; path = System/Library/Frameworks/MediaPlayer.framework; sourceTree = SDKROOT; };
		72B800C51BC91DFE00E761FE /* MessageUI.framework */ = {isa = PBXFileReference; lastKnownFileType = wrapper.framework; name = MessageUI.framework; path = System/Library/Frameworks/MessageUI.framework; sourceTree = SDKROOT; };
		72C7CD351BCFEF4C0084B066 /* CursorKit.swift */ = {isa = PBXFileReference; fileEncoding = 4; lastKnownFileType = sourcecode.swift; path = CursorKit.swift; sourceTree = "<group>"; };
		72CAE6D11BBFAED100F01E09 /* CompassRoseView.swift */ = {isa = PBXFileReference; fileEncoding = 4; lastKnownFileType = sourcecode.swift; path = CompassRoseView.swift; sourceTree = "<group>"; };
		72CAE6D51BBFB74900F01E09 /* CompassView.swift */ = {isa = PBXFileReference; fileEncoding = 4; lastKnownFileType = sourcecode.swift; path = CompassView.swift; sourceTree = "<group>"; };
		72CAE6D71BBFB89400F01E09 /* Operators.swift */ = {isa = PBXFileReference; fileEncoding = 4; lastKnownFileType = sourcecode.swift; path = Operators.swift; sourceTree = "<group>"; };
		72CAE6D91BBFB93400F01E09 /* Numeric.swift */ = {isa = PBXFileReference; fileEncoding = 4; lastKnownFileType = sourcecode.swift; path = Numeric.swift; sourceTree = "<group>"; };
		72CAE6DB1BBFB99A00F01E09 /* UIView.swift */ = {isa = PBXFileReference; fileEncoding = 4; lastKnownFileType = sourcecode.swift; path = UIView.swift; sourceTree = "<group>"; };
		72CAE6DD1BBFC3B300F01E09 /* CLLocationDirection.swift */ = {isa = PBXFileReference; fileEncoding = 4; lastKnownFileType = sourcecode.swift; path = CLLocationDirection.swift; sourceTree = "<group>"; };
		72CAE6DF1BBFCAB100F01E09 /* Array.swift */ = {isa = PBXFileReference; fileEncoding = 4; lastKnownFileType = sourcecode.swift; path = Array.swift; sourceTree = "<group>"; };
		72CAE6EC1BBFDE6A00F01E09 /* DevicesGridView.swift */ = {isa = PBXFileReference; fileEncoding = 4; lastKnownFileType = sourcecode.swift; path = DevicesGridView.swift; sourceTree = "<group>"; };
		72CAE6EE1BBFE9D000F01E09 /* VisibilityIndicatorView.swift */ = {isa = PBXFileReference; fileEncoding = 4; lastKnownFileType = sourcecode.swift; path = VisibilityIndicatorView.swift; sourceTree = "<group>"; };
		72CAE6F01BBFFB3400F01E09 /* DevicesPlanView.swift */ = {isa = PBXFileReference; fileEncoding = 4; lastKnownFileType = sourcecode.swift; path = DevicesPlanView.swift; sourceTree = "<group>"; };
		72EBEAC11BD6486B00142466 /* Gestures.sqlite */ = {isa = PBXFileReference; lastKnownFileType = file; path = Gestures.sqlite; sourceTree = "<group>"; };
		72EBEAC31BD64B2200142466 /* TrainedGesture.swift */ = {isa = PBXFileReference; fileEncoding = 4; lastKnownFileType = sourcecode.swift; path = TrainedGesture.swift; sourceTree = "<group>"; };
		72F33B281BCF855B0092C363 /* DeviceObjectView.swift */ = {isa = PBXFileReference; fileEncoding = 4; lastKnownFileType = sourcecode.swift; path = DeviceObjectView.swift; sourceTree = "<group>"; };
		72F911641BC93BD700A0DED8 /* Dispatch.swift */ = {isa = PBXFileReference; fileEncoding = 4; lastKnownFileType = sourcecode.swift; path = Dispatch.swift; sourceTree = "<group>"; };
		72F9116A1BC9552A00A0DED8 /* RootViewController.swift */ = {isa = PBXFileReference; fileEncoding = 4; lastKnownFileType = sourcecode.swift; path = RootViewController.swift; sourceTree = "<group>"; };
		72F9116E1BC9553300A0DED8 /* CursorView.swift */ = {isa = PBXFileReference; fileEncoding = 4; lastKnownFileType = sourcecode.swift; path = CursorView.swift; sourceTree = "<group>"; };
		72F9116F1BC9553300A0DED8 /* CursorViewController.swift */ = {isa = PBXFileReference; fileEncoding = 4; lastKnownFileType = sourcecode.swift; path = CursorViewController.swift; sourceTree = "<group>"; };
		72F911711BC9553300A0DED8 /* LocationView.swift */ = {isa = PBXFileReference; fileEncoding = 4; lastKnownFileType = sourcecode.swift; path = LocationView.swift; sourceTree = "<group>"; };
		72F911721BC9553300A0DED8 /* LocationViewController.swift */ = {isa = PBXFileReference; fileEncoding = 4; lastKnownFileType = sourcecode.swift; path = LocationViewController.swift; sourceTree = "<group>"; };
		72F911751BC9553300A0DED8 /* LocationsViewController.swift */ = {isa = PBXFileReference; fileEncoding = 4; lastKnownFileType = sourcecode.swift; path = LocationsViewController.swift; sourceTree = "<group>"; };
/* End PBXFileReference section */

/* Begin PBXFrameworksBuildPhase section */
		722B78D31BBD364500AD490E /* Frameworks */ = {
			isa = PBXFrameworksBuildPhase;
			buildActionMask = 2147483647;
			files = (
				686ED5C51BD542C80096BC1E /* libsqlite3.0.tbd in Frameworks */,
				72B800C61BC91DFE00E761FE /* MessageUI.framework in Frameworks */,
				72B800C41BC91DF800E761FE /* MediaPlayer.framework in Frameworks */,
				72B800C21BC91DF200E761FE /* AVFoundation.framework in Frameworks */,
				72B800C01BC91DE200E761FE /* AudioToolbox.framework in Frameworks */,
				72B800BE1BC91DDD00E761FE /* CoreMotion.framework in Frameworks */,
				72B800BC1BC91DD600E761FE /* CoreLocation.framework in Frameworks */,
				72B800BA1BC91DD100E761FE /* CoreBluetooth.framework in Frameworks */,
				72B800B81BC91DCB00E761FE /* SystemConfiguration.framework in Frameworks */,
				72B800B61BC91DC500E761FE /* CoreGraphics.framework in Frameworks */,
				72B800B41BC91DB100E761FE /* libEstimoteSDK.a in Frameworks */,
				72B800911BC91DB100E761FE /* libEstimoteIndoorSDK.a in Frameworks */,
			);
			runOnlyForDeploymentPostprocessing = 0;
		};
/* End PBXFrameworksBuildPhase section */

/* Begin PBXGroup section */
		686ED5581BD4F2750096BC1E /* 3DollarRecognizer */ = {
			isa = PBXGroup;
			children = (
				72EBEAC11BD6486B00142466 /* Gestures.sqlite */,
				686ED5931BD53F730096BC1E /* _DollerRecognizerAppDelegate.m */,
				686ED5941BD53F730096BC1E /* CustomView.m */,
				686ED5951BD53F730096BC1E /* FirstViewController.m */,
				686ED5961BD53F730096BC1E /* Gesture.m */,
				686ED5971BD53F730096BC1E /* GestureDB.m */,
				686ED5981BD53F730096BC1E /* GestureLibraryTableViewController.m */,
				686ED5991BD53F730096BC1E /* GestureRecorder.m */,
				686ED59A1BD53F730096BC1E /* IFButtonCellController.m */,
				686ED59B1BD53F730096BC1E /* IFChoiceCellController.m */,
				686ED59C1BD53F730096BC1E /* IFChoiceTableViewController.m */,
				686ED59D1BD53F730096BC1E /* IFControlTableViewCell.m */,
				686ED59E1BD53F730096BC1E /* IFGenericTableViewController.m */,
				686ED59F1BD53F730096BC1E /* IFLinkCellController.m */,
				686ED5A01BD53F730096BC1E /* IFNamedImage.m */,
				686ED5A11BD53F730096BC1E /* IFPreferencesModel.m */,
				686ED5A21BD53F730096BC1E /* IFSwitchCellController.m */,
				686ED5A31BD53F730096BC1E /* IFTemporaryModel.m */,
				686ED5A41BD53F730096BC1E /* IFTextCellController.m */,
				686ED5A51BD53F730096BC1E /* IFTextViewTableView.m */,
				686ED5A61BD53F730096BC1E /* IFValueCellController.m */,
				686ED5A71BD53F730096BC1E /* Matrix.m */,
				686ED5A81BD53F730096BC1E /* Score.m */,
				686ED5A91BD53F730096BC1E /* ThreeDollarGestureRecognizer.m */,
				686ED5AA1BD53F730096BC1E /* TrainingViewController.m */,
				686ED5591BD4F2DD0096BC1E /* _DollerRecognizerAppDelegate.h */,
				686ED55A1BD4F2DD0096BC1E /* CustomView.h */,
				686ED55B1BD4F2DD0096BC1E /* FirstViewController.h */,
				686ED55C1BD4F2DD0096BC1E /* Gesture.h */,
				686ED55D1BD4F2DD0096BC1E /* GestureDB.h */,
				686ED55E1BD4F2DD0096BC1E /* GestureLibraryTableViewController.h */,
				686ED55F1BD4F2DD0096BC1E /* GestureRecognizerDelegate.h */,
				686ED5601BD4F2DD0096BC1E /* GestureRecorder.h */,
				686ED5611BD4F2DD0096BC1E /* GestureRecorderDelegate.h */,
				686ED5621BD4F2DD0096BC1E /* IFButtonCellController.h */,
				686ED5631BD4F2DD0096BC1E /* IFCellController.h */,
				686ED5641BD4F2DD0096BC1E /* IFCellModel.h */,
				686ED5651BD4F2DD0096BC1E /* IFChoiceCellController.h */,
				686ED5661BD4F2DD0096BC1E /* IFChoiceTableViewController.h */,
				686ED5671BD4F2DD0096BC1E /* IFControlTableViewCell.h */,
				686ED5681BD4F2DD0096BC1E /* IFGenericTableViewController.h */,
				686ED5691BD4F2DD0096BC1E /* IFLinkCellController.h */,
				686ED56A1BD4F2DD0096BC1E /* IFNamedImage.h */,
				686ED56B1BD4F2DD0096BC1E /* IFPreferencesModel.h */,
				686ED56C1BD4F2DD0096BC1E /* IFSwitchCellController.h */,
				686ED56D1BD4F2DD0096BC1E /* IFTemporaryModel.h */,
				686ED56E1BD4F2DD0096BC1E /* IFTextCellController.h */,
				686ED56F1BD4F2DD0096BC1E /* IFTextViewTableView.h */,
				686ED5701BD4F2DD0096BC1E /* IFValueCellController.h */,
				686ED5711BD4F2DD0096BC1E /* Matrix.h */,
				686ED5721BD4F2DD0096BC1E /* Score.h */,
				686ED5731BD4F2DD0096BC1E /* ThreeDollarGestureRecognizer.h */,
				686ED5741BD4F2DD0096BC1E /* TrainingViewController.h */,
			);
			name = 3DollarRecognizer;
			path = Frameworks/3DollarRecognizer;
			sourceTree = "<group>";
		};
		7218A43C1BD625AF00199861 /* GestureTraining */ = {
			isa = PBXGroup;
			children = (
				7218A43D1BD625AF00199861 /* GestureTrainingView.swift */,
				7218A43E1BD625AF00199861 /* GestureTrainingViewController.swift */,
			);
			path = GestureTraining;
			sourceTree = "<group>";
		};
		7218A4411BD627D600199861 /* Gestures */ = {
			isa = PBXGroup;
			children = (
				7218A4481BD6296500199861 /* GesturesTableViewData.swift */,
				7218A4441BD627EA00199861 /* GesturesViewController.swift */,
			);
			path = Gestures;
			sourceTree = "<group>";
		};
		722B78CD1BBD364500AD490E = {
			isa = PBXGroup;
			children = (
				722B78D81BBD364500AD490E /* Cursor */,
				7273A01E1BBD399F000DA7D2 /* Frameworks */,
				722B78D71BBD364500AD490E /* Products */,
			);
			sourceTree = "<group>";
		};
		722B78D71BBD364500AD490E /* Products */ = {
			isa = PBXGroup;
			children = (
				722B78D61BBD364500AD490E /* Cursor.app */,
			);
			name = Products;
			sourceTree = "<group>";
		};
		722B78D81BBD364500AD490E /* Cursor */ = {
			isa = PBXGroup;
			children = (
				722B78E01BBD364500AD490E /* Assets.xcassets */,
				722B78F51BBD369900AD490E /* User interface */,
				724928761BCEAC9F009483F5 /* CursorKit */,
				722B78EB1BBD369600AD490E /* Source */,
				722B78F61BBD36A500AD490E /* Supporting files */,
			);
			path = Cursor;
			sourceTree = "<group>";
		};
		722B78EB1BBD369600AD490E /* Source */ = {
			isa = PBXGroup;
			children = (
				722B78F11BBD369600AD490E /* Utilities */,
				722B78EC1BBD369600AD490E /* Application */,
				72F9116C1BC9553300A0DED8 /* Pages */,
				722B78F01BBD369600AD490E /* Library */,
				72CAE6E11BBFD15000F01E09 /* Models */,
				722B78F21BBD369600AD490E /* Views */,
			);
			path = Source;
			sourceTree = "<group>";
		};
		722B78EC1BBD369600AD490E /* Application */ = {
			isa = PBXGroup;
			children = (
				722B78ED1BBD369600AD490E /* AppDelegate.swift */,
				72F9116A1BC9552A00A0DED8 /* RootViewController.swift */,
			);
			path = Application;
			sourceTree = "<group>";
		};
		722B78F01BBD369600AD490E /* Library */ = {
			isa = PBXGroup;
			children = (
				7220F1331BC2A41200FC3268 /* MotionRecognizer.swift */,
			);
			path = Library;
			sourceTree = "<group>";
		};
		722B78F11BBD369600AD490E /* Utilities */ = {
			isa = PBXGroup;
			children = (
				72CAE6DF1BBFCAB100F01E09 /* Array.swift */,
				7273A02D1BBD3C76000DA7D2 /* Localize.swift */,
				72CAE6D71BBFB89400F01E09 /* Operators.swift */,
				72CAE6D91BBFB93400F01E09 /* Numeric.swift */,
				72CAE6DB1BBFB99A00F01E09 /* UIView.swift */,
				72CAE6DD1BBFC3B300F01E09 /* CLLocationDirection.swift */,
				72F911641BC93BD700A0DED8 /* Dispatch.swift */,
			);
			path = Utilities;
			sourceTree = "<group>";
		};
		722B78F21BBD369600AD490E /* Views */ = {
			isa = PBXGroup;
			children = (
				72CAE6F01BBFFB3400F01E09 /* DevicesPlanView.swift */,
				72CAE6D51BBFB74900F01E09 /* CompassView.swift */,
				72CAE6D11BBFAED100F01E09 /* CompassRoseView.swift */,
				72CAE6EC1BBFDE6A00F01E09 /* DevicesGridView.swift */,
				72CAE6EE1BBFE9D000F01E09 /* VisibilityIndicatorView.swift */,
				72F33B281BCF855B0092C363 /* DeviceObjectView.swift */,
			);
			path = Views;
			sourceTree = "<group>";
		};
		722B78F51BBD369900AD490E /* User interface */ = {
			isa = PBXGroup;
			children = (
				722B78E21BBD364500AD490E /* LaunchScreen.storyboard */,
			);
			name = "User interface";
			sourceTree = "<group>";
		};
		722B78F61BBD36A500AD490E /* Supporting files */ = {
			isa = PBXGroup;
			children = (
				722B78E51BBD364500AD490E /* Info.plist */,
				7273A02B1BBD3C37000DA7D2 /* Localizable.strings */,
				728E03D41BC91E89008B8368 /* Cursor-BridgingHeader.h */,
			);
			name = "Supporting files";
			sourceTree = "<group>";
		};
		7249283C1BCEAC77009483F5 /* Alamofire */ = {
			isa = PBXGroup;
			children = (
				7249283D1BCEAC77009483F5 /* Alamofire.swift */,
				7249283E1BCEAC77009483F5 /* Download.swift */,
				7249283F1BCEAC77009483F5 /* Error.swift */,
				724928401BCEAC77009483F5 /* Manager.swift */,
				724928411BCEAC77009483F5 /* MultipartFormData.swift */,
				724928421BCEAC77009483F5 /* ParameterEncoding.swift */,
				724928431BCEAC77009483F5 /* Request.swift */,
				724928441BCEAC77009483F5 /* Response.swift */,
				724928451BCEAC77009483F5 /* ResponseSerialization.swift */,
				724928461BCEAC77009483F5 /* Result.swift */,
				724928471BCEAC77009483F5 /* ServerTrustPolicy.swift */,
				724928481BCEAC77009483F5 /* Stream.swift */,
				724928491BCEAC77009483F5 /* Upload.swift */,
				7249284A1BCEAC77009483F5 /* Validation.swift */,
			);
			name = Alamofire;
			path = Frameworks/Alamofire;
			sourceTree = "<group>";
		};
		7249284B1BCEAC77009483F5 /* Robolayout */ = {
			isa = PBXGroup;
			children = (
				7249284C1BCEAC77009483F5 /* Robolayout.swift */,
			);
			name = Robolayout;
			path = Frameworks/Robolayout;
			sourceTree = "<group>";
		};
		7249284D1BCEAC77009483F5 /* SwiftyJSON */ = {
			isa = PBXGroup;
			children = (
				7249284E1BCEAC77009483F5 /* SwiftyJSON.swift */,
			);
			name = SwiftyJSON;
			path = Frameworks/SwiftyJSON;
			sourceTree = "<group>";
		};
		724928761BCEAC9F009483F5 /* CursorKit */ = {
			isa = PBXGroup;
			children = (
				724928771BCEAC9F009483F5 /* Client */,
				7249287C1BCEAC9F009483F5 /* Models */,
				7249287F1BCEAC9F009483F5 /* Resources */,
			);
			path = CursorKit;
			sourceTree = "<group>";
		};
		724928771BCEAC9F009483F5 /* Client */ = {
			isa = PBXGroup;
			children = (
				724928781BCEAC9F009483F5 /* Alamofire+SwiftyJSON.swift */,
				724928791BCEAC9F009483F5 /* Client.swift */,
				7249287A1BCEAC9F009483F5 /* CursorKitError.swift */,
				7249287B1BCEAC9F009483F5 /* Failable.swift */,
			);
			path = Client;
			sourceTree = "<group>";
		};
		7249287C1BCEAC9F009483F5 /* Models */ = {
			isa = PBXGroup;
			children = (
				7249287D1BCEAC9F009483F5 /* ControllableDevice.swift */,
				7249287E1BCEAC9F009483F5 /* Coordinate.swift */,
			);
			path = Models;
			sourceTree = "<group>";
		};
		7249287F1BCEAC9F009483F5 /* Resources */ = {
			isa = PBXGroup;
			children = (
				724928801BCEAC9F009483F5 /* ClientDevices.swift */,
				724928811BCEAC9F009483F5 /* Resources.swift */,
			);
			path = Resources;
			sourceTree = "<group>";
		};
		7273A01E1BBD399F000DA7D2 /* Frameworks */ = {
			isa = PBXGroup;
			children = (
				686ED5C41BD542C80096BC1E /* libsqlite3.0.tbd */,
				686ED5581BD4F2750096BC1E /* 3DollarRecognizer */,
				7249283C1BCEAC77009483F5 /* Alamofire */,
				7249284B1BCEAC77009483F5 /* Robolayout */,
				7249284D1BCEAC77009483F5 /* SwiftyJSON */,
				72B800C71BC91E0500E761FE /* System */,
				72B800441BC91DB100E761FE /* EstimoteIndoorLocationSDK */,
				72B800761BC91DB100E761FE /* EstimoteSDK */,
			);
			name = Frameworks;
			sourceTree = "<group>";
		};
		72B800441BC91DB100E761FE /* EstimoteIndoorLocationSDK */ = {
			isa = PBXGroup;
			children = (
				72B800451BC91DB100E761FE /* Headers */,
				72B800511BC91DB100E761FE /* libEstimoteIndoorSDK.a */,
				72B800521BC91DB100E761FE /* Resources */,
			);
			name = EstimoteIndoorLocationSDK;
			path = "Frameworks/iOS-Indoor-SDK/EstimoteIndoorLocationSDK";
			sourceTree = "<group>";
		};
		72B800451BC91DB100E761FE /* Headers */ = {
			isa = PBXGroup;
			children = (
				72B800461BC91DB100E761FE /* ESTIndoorLocationManager.h */,
				72B800471BC91DB100E761FE /* ESTIndoorLocationView.h */,
				72B800481BC91DB100E761FE /* ESTIndoorSDK.h */,
				72B800491BC91DB100E761FE /* ESTLocation.h */,
				72B8004A1BC91DB100E761FE /* ESTLocationBuilder.h */,
				72B8004B1BC91DB100E761FE /* ESTLocationLinearObject.h */,
				72B8004C1BC91DB100E761FE /* ESTOrientedLineSegment.h */,
				72B8004D1BC91DB100E761FE /* ESTOrientedPoint.h */,
				72B8004E1BC91DB100E761FE /* ESTPoint.h */,
				72B8004F1BC91DB100E761FE /* ESTPositionedBeacon.h */,
				72B800501BC91DB100E761FE /* ESTPositionView.h */,
			);
			path = Headers;
			sourceTree = "<group>";
		};
		72B800521BC91DB100E761FE /* Resources */ = {
			isa = PBXGroup;
			children = (
				72B800531BC91DB100E761FE /* 5a.mov */,
				72B800541BC91DB100E761FE /* 5b.mov */,
				72B800551BC91DB100E761FE /* 8a.mov */,
				72B800561BC91DB100E761FE /* 8b.mov */,
				72B800571BC91DB100E761FE /* 8c.mov */,
				72B800581BC91DB100E761FE /* Images */,
				72B800741BC91DB100E761FE /* SixBeaconsView.xib */,
				72B800751BC91DB100E761FE /* wall_bump.wav */,
			);
			path = Resources;
			sourceTree = "<group>";
		};
		72B800581BC91DB100E761FE /* Images */ = {
			isa = PBXGroup;
			children = (
				72B800591BC91DB100E761FE /* 5a_first_frame@2x.png */,
				72B8005A1BC91DB100E761FE /* 5b_first_frame@2x.png */,
				72B8005B1BC91DB100E761FE /* 8a_first_frame@2x.png */,
				72B8005C1BC91DB100E761FE /* 8b_first_frame@2x.png */,
				72B8005D1BC91DB100E761FE /* 8c_first_frame@2x.png */,
				72B8005E1BC91DB100E761FE /* beacon_grey@2x.png */,
				72B8005F1BC91DB100E761FE /* beaconblueberry@2x.png */,
				72B800601BC91DB100E761FE /* beaconBlueberrySmall.png */,
				72B800611BC91DB100E761FE /* beaconBlueberrySmall@2x.png */,
				72B800621BC91DB100E761FE /* beacongrey@2x.png */,
				72B800631BC91DB100E761FE /* beaconGreySmall@2x.png */,
				72B800641BC91DB100E761FE /* beaconicy@2x.png */,
				72B800651BC91DB100E761FE /* beaconIcySmall.png */,
				72B800661BC91DB100E761FE /* beaconIcySmall@2x.png */,
				72B800671BC91DB100E761FE /* beaconmint@2x.png */,
				72B800681BC91DB100E761FE /* beaconMintSmall.png */,
				72B800691BC91DB100E761FE /* beaconMintSmall@2x.png */,
				72B8006A1BC91DB100E761FE /* indoor_error@2x.png */,
				72B8006B1BC91DB100E761FE /* instructions@2x.png */,
				72B8006C1BC91DB100E761FE /* navigation_guy@2x.png */,
				72B8006D1BC91DB100E761FE /* screen8_beacon_blue@2x.png */,
				72B8006E1BC91DB100E761FE /* screen8_beacon_gray@2x.png */,
				72B8006F1BC91DB100E761FE /* screen8_beacon_gray_trans@2x.png */,
				72B800701BC91DB100E761FE /* screen8_beacon_green@2x.png */,
				72B800711BC91DB100E761FE /* screen8_beacon_purple@2x.png */,
				72B800721BC91DB100E761FE /* tick@2x.png */,
				72B800731BC91DB100E761FE /* welcome@2x.png */,
			);
			path = Images;
			sourceTree = "<group>";
		};
		72B800761BC91DB100E761FE /* EstimoteSDK */ = {
			isa = PBXGroup;
			children = (
				72B800771BC91DB100E761FE /* Headers */,
				72B800901BC91DB100E761FE /* libEstimoteSDK.a */,
			);
			name = EstimoteSDK;
			path = "Frameworks/iOS-Indoor-SDK/EstimoteSDK";
			sourceTree = "<group>";
		};
		72B800771BC91DB100E761FE /* Headers */ = {
			isa = PBXGroup;
			children = (
				72B800781BC91DB100E761FE /* ESTBeacon.h */,
				72B800791BC91DB100E761FE /* ESTBeaconDefinitions.h */,
				72B8007A1BC91DB100E761FE /* ESTBeaconFirmwareVO.h */,
				72B8007B1BC91DB100E761FE /* ESTBeaconManager.h */,
				72B8007C1BC91DB100E761FE /* ESTBeaconRegion.h */,
				72B8007D1BC91DB100E761FE /* ESTBeaconUpdateConfig.h */,
				72B8007E1BC91DB100E761FE /* ESTBeaconUpdateInfo.h */,
				72B8007F1BC91DB100E761FE /* ESTBeaconVO.h */,
				72B800801BC91DB100E761FE /* ESTBulkUpdater.h */,
				72B800811BC91DB100E761FE /* ESTConfig.h */,
				72B800821BC91DB100E761FE /* ESTDateRule.h */,
				72B800831BC91DB100E761FE /* ESTDefinitions.h */,
				72B800841BC91DB100E761FE /* ESTFirmwareInfoVO.h */,
				72B800851BC91DB100E761FE /* ESTMotionRule.h */,
				72B800861BC91DB100E761FE /* ESTNearable.h */,
				72B800871BC91DB100E761FE /* ESTNearableDefinitions.h */,
				72B800881BC91DB100E761FE /* ESTNearableManager.h */,
				72B800891BC91DB100E761FE /* ESTNearableRule.h */,
				72B8008A1BC91DB100E761FE /* ESTOrientationRule.h */,
				72B8008B1BC91DB100E761FE /* ESTProximityRule.h */,
				72B8008C1BC91DB100E761FE /* ESTRule.h */,
				72B8008D1BC91DB100E761FE /* ESTTemperatureRule.h */,
				72B8008E1BC91DB100E761FE /* ESTTrigger.h */,
				72B8008F1BC91DB100E761FE /* ESTTriggerManager.h */,
			);
			path = Headers;
			sourceTree = "<group>";
		};
		72B800C71BC91E0500E761FE /* System */ = {
			isa = PBXGroup;
			children = (
				72B800C51BC91DFE00E761FE /* MessageUI.framework */,
				72B800C31BC91DF800E761FE /* MediaPlayer.framework */,
				72B800C11BC91DF200E761FE /* AVFoundation.framework */,
				72B800BF1BC91DE200E761FE /* AudioToolbox.framework */,
				72B800BD1BC91DDD00E761FE /* CoreMotion.framework */,
				72B800BB1BC91DD600E761FE /* CoreLocation.framework */,
				72B800B91BC91DD100E761FE /* CoreBluetooth.framework */,
				72B800B71BC91DCB00E761FE /* SystemConfiguration.framework */,
				72B800B51BC91DC500E761FE /* CoreGraphics.framework */,
			);
			name = System;
			sourceTree = "<group>";
		};
		72CAE6E11BBFD15000F01E09 /* Models */ = {
			isa = PBXGroup;
			children = (
				72C7CD351BCFEF4C0084B066 /* CursorKit.swift */,
				72EBEAC31BD64B2200142466 /* TrainedGesture.swift */,
			);
			path = Models;
			sourceTree = "<group>";
		};
		72F9116C1BC9553300A0DED8 /* Pages */ = {
			isa = PBXGroup;
			children = (
				72F9116D1BC9553300A0DED8 /* Cursor */,
				72F911701BC9553300A0DED8 /* Location */,
				72F911731BC9553300A0DED8 /* Locations */,
				7218A4411BD627D600199861 /* Gestures */,
				7218A43C1BD625AF00199861 /* GestureTraining */,
			);
			path = Pages;
			sourceTree = "<group>";
		};
		72F9116D1BC9553300A0DED8 /* Cursor */ = {
			isa = PBXGroup;
			children = (
				72F9116E1BC9553300A0DED8 /* CursorView.swift */,
				72F9116F1BC9553300A0DED8 /* CursorViewController.swift */,
			);
			path = Cursor;
			sourceTree = "<group>";
		};
		72F911701BC9553300A0DED8 /* Location */ = {
			isa = PBXGroup;
			children = (
				72F911711BC9553300A0DED8 /* LocationView.swift */,
				72F911721BC9553300A0DED8 /* LocationViewController.swift */,
			);
			path = Location;
			sourceTree = "<group>";
		};
		72F911731BC9553300A0DED8 /* Locations */ = {
			isa = PBXGroup;
			children = (
				7218A4461BD6295900199861 /* LocationsTableViewData.swift */,
				72F911751BC9553300A0DED8 /* LocationsViewController.swift */,
			);
			path = Locations;
			sourceTree = "<group>";
		};
/* End PBXGroup section */

/* Begin PBXNativeTarget section */
		722B78D51BBD364500AD490E /* Cursor */ = {
			isa = PBXNativeTarget;
			buildConfigurationList = 722B78E81BBD364500AD490E /* Build configuration list for PBXNativeTarget "Cursor" */;
			buildPhases = (
				722B78D21BBD364500AD490E /* Sources */,
				722B78D31BBD364500AD490E /* Frameworks */,
				722B78D41BBD364500AD490E /* Resources */,
				72739FFA1BBD3789000DA7D2 /* Embed Frameworks */,
			);
			buildRules = (
			);
			dependencies = (
			);
			name = Cursor;
			productName = Cursor;
			productReference = 722B78D61BBD364500AD490E /* Cursor.app */;
			productType = "com.apple.product-type.application";
		};
/* End PBXNativeTarget section */

/* Begin PBXProject section */
		722B78CE1BBD364500AD490E /* Project object */ = {
			isa = PBXProject;
			attributes = {
				LastUpgradeCheck = 0710;
				ORGANIZATIONNAME = SimonBS;
				TargetAttributes = {
					722B78D51BBD364500AD490E = {
						CreatedOnToolsVersion = 7.1;
						DevelopmentTeam = Q2D3UPSQC3;
					};
				};
			};
			buildConfigurationList = 722B78D11BBD364500AD490E /* Build configuration list for PBXProject "Cursor" */;
			compatibilityVersion = "Xcode 3.2";
			developmentRegion = English;
			hasScannedForEncodings = 0;
			knownRegions = (
				en,
				Base,
			);
			mainGroup = 722B78CD1BBD364500AD490E;
			productRefGroup = 722B78D71BBD364500AD490E /* Products */;
			projectDirPath = "";
			projectRoot = "";
			targets = (
				722B78D51BBD364500AD490E /* Cursor */,
			);
		};
/* End PBXProject section */

/* Begin PBXResourcesBuildPhase section */
		722B78D41BBD364500AD490E /* Resources */ = {
			isa = PBXResourcesBuildPhase;
			buildActionMask = 2147483647;
			files = (
				72B800951BC91DB100E761FE /* 8b.mov in Resources */,
				72B800A01BC91DB100E761FE /* beacongrey@2x.png in Resources */,
				72B800A41BC91DB100E761FE /* beaconIcySmall@2x.png in Resources */,
				72B8009A1BC91DB100E761FE /* 8b_first_frame@2x.png in Resources */,
				72B800961BC91DB100E761FE /* 8c.mov in Resources */,
				72B800991BC91DB100E761FE /* 8a_first_frame@2x.png in Resources */,
				72B800AB1BC91DB100E761FE /* screen8_beacon_blue@2x.png in Resources */,
				72B800B01BC91DB100E761FE /* tick@2x.png in Resources */,
				72B800AE1BC91DB100E761FE /* screen8_beacon_green@2x.png in Resources */,
				72B800931BC91DB100E761FE /* 5b.mov in Resources */,
				72B800A11BC91DB100E761FE /* beaconGreySmall@2x.png in Resources */,
				72B800971BC91DB100E761FE /* 5a_first_frame@2x.png in Resources */,
				72B800AC1BC91DB100E761FE /* screen8_beacon_gray@2x.png in Resources */,
				72B800A51BC91DB100E761FE /* beaconmint@2x.png in Resources */,
				72B800B31BC91DB100E761FE /* wall_bump.wav in Resources */,
				72B800981BC91DB100E761FE /* 5b_first_frame@2x.png in Resources */,
				72B800921BC91DB100E761FE /* 5a.mov in Resources */,
				72B8009E1BC91DB100E761FE /* beaconBlueberrySmall.png in Resources */,
				72B8009D1BC91DB100E761FE /* beaconblueberry@2x.png in Resources */,
				72B800AA1BC91DB100E761FE /* navigation_guy@2x.png in Resources */,
				72B800A81BC91DB100E761FE /* indoor_error@2x.png in Resources */,
				722B78E41BBD364500AD490E /* LaunchScreen.storyboard in Resources */,
				72B800AF1BC91DB100E761FE /* screen8_beacon_purple@2x.png in Resources */,
				72B800A61BC91DB100E761FE /* beaconMintSmall.png in Resources */,
				72B8009B1BC91DB100E761FE /* 8c_first_frame@2x.png in Resources */,
				72B800941BC91DB100E761FE /* 8a.mov in Resources */,
				72B800A31BC91DB100E761FE /* beaconIcySmall.png in Resources */,
				72B800B11BC91DB100E761FE /* welcome@2x.png in Resources */,
				7273A02C1BBD3C37000DA7D2 /* Localizable.strings in Resources */,
				72EBEAC21BD6486B00142466 /* Gestures.sqlite in Resources */,
				722B78E11BBD364500AD490E /* Assets.xcassets in Resources */,
				72B800B21BC91DB100E761FE /* SixBeaconsView.xib in Resources */,
				72B800A71BC91DB100E761FE /* beaconMintSmall@2x.png in Resources */,
				72B8009F1BC91DB100E761FE /* beaconBlueberrySmall@2x.png in Resources */,
				72B800A91BC91DB100E761FE /* instructions@2x.png in Resources */,
				72B800A21BC91DB100E761FE /* beaconicy@2x.png in Resources */,
				72B8009C1BC91DB100E761FE /* beacon_grey@2x.png in Resources */,
				72B800AD1BC91DB100E761FE /* screen8_beacon_gray_trans@2x.png in Resources */,
			);
			runOnlyForDeploymentPostprocessing = 0;
		};
/* End PBXResourcesBuildPhase section */

/* Begin PBXSourcesBuildPhase section */
		722B78D21BBD364500AD490E /* Sources */ = {
			isa = PBXSourcesBuildPhase;
			buildActionMask = 2147483647;
			files = (
				686ED5BF1BD53F730096BC1E /* Matrix.m in Sources */,
				724928881BCEAC9F009483F5 /* ControllableDevice.swift in Sources */,
				686ED5B61BD53F730096BC1E /* IFGenericTableViewController.m in Sources */,
				7249284F1BCEAC77009483F5 /* Alamofire.swift in Sources */,
				724928871BCEAC9F009483F5 /* Failable.swift in Sources */,
				724928891BCEAC9F009483F5 /* Coordinate.swift in Sources */,
				72CAE6EF1BBFE9D000F01E09 /* VisibilityIndicatorView.swift in Sources */,
				72F9116B1BC9552A00A0DED8 /* RootViewController.swift in Sources */,
				72CAE6D81BBFB89400F01E09 /* Operators.swift in Sources */,
				686ED5B01BD53F730096BC1E /* GestureLibraryTableViewController.m in Sources */,
				686ED5AD1BD53F730096BC1E /* FirstViewController.m in Sources */,
				686ED5B71BD53F730096BC1E /* IFLinkCellController.m in Sources */,
				724928561BCEAC77009483F5 /* Response.swift in Sources */,
				7249288A1BCEAC9F009483F5 /* ClientDevices.swift in Sources */,
				686ED5B91BD53F730096BC1E /* IFPreferencesModel.m in Sources */,
				686ED5C01BD53F730096BC1E /* Score.m in Sources */,
				686ED5C11BD53F730096BC1E /* ThreeDollarGestureRecognizer.m in Sources */,
				72CAE6DE1BBFC3B300F01E09 /* CLLocationDirection.swift in Sources */,
				724928841BCEAC9F009483F5 /* Alamofire+SwiftyJSON.swift in Sources */,
				686ED5AC1BD53F730096BC1E /* CustomView.m in Sources */,
				724928591BCEAC77009483F5 /* ServerTrustPolicy.swift in Sources */,
				7218A4491BD6296500199861 /* GesturesTableViewData.swift in Sources */,
				686ED5AE1BD53F730096BC1E /* Gesture.m in Sources */,
				7249285E1BCEAC77009483F5 /* SwiftyJSON.swift in Sources */,
				686ED5B81BD53F730096BC1E /* IFNamedImage.m in Sources */,
				724928581BCEAC77009483F5 /* Result.swift in Sources */,
				72F911651BC93BD700A0DED8 /* Dispatch.swift in Sources */,
				7218A43F1BD625AF00199861 /* GestureTrainingView.swift in Sources */,
				724928551BCEAC77009483F5 /* Request.swift in Sources */,
				686ED5B21BD53F730096BC1E /* IFButtonCellController.m in Sources */,
				72F9117B1BC9553300A0DED8 /* LocationsViewController.swift in Sources */,
				724928521BCEAC77009483F5 /* Manager.swift in Sources */,
				72CAE6F11BBFFB3400F01E09 /* DevicesPlanView.swift in Sources */,
				686ED5BA1BD53F730096BC1E /* IFSwitchCellController.m in Sources */,
				7249285D1BCEAC77009483F5 /* Robolayout.swift in Sources */,
				686ED5B31BD53F730096BC1E /* IFChoiceCellController.m in Sources */,
				722B78F31BBD369600AD490E /* AppDelegate.swift in Sources */,
				724928501BCEAC77009483F5 /* Download.swift in Sources */,
				72CAE6DC1BBFB99A00F01E09 /* UIView.swift in Sources */,
				686ED5BD1BD53F730096BC1E /* IFTextViewTableView.m in Sources */,
				7273A02E1BBD3C76000DA7D2 /* Localize.swift in Sources */,
				724928541BCEAC77009483F5 /* ParameterEncoding.swift in Sources */,
				724928531BCEAC77009483F5 /* MultipartFormData.swift in Sources */,
				7218A4471BD6295900199861 /* LocationsTableViewData.swift in Sources */,
				686ED5BC1BD53F730096BC1E /* IFTextCellController.m in Sources */,
				72EBEAC41BD64B2200142466 /* TrainedGesture.swift in Sources */,
				724928861BCEAC9F009483F5 /* CursorKitError.swift in Sources */,
				7249285B1BCEAC77009483F5 /* Upload.swift in Sources */,
				7249285C1BCEAC77009483F5 /* Validation.swift in Sources */,
				686ED5AB1BD53F730096BC1E /* _DollerRecognizerAppDelegate.m in Sources */,
				7249285A1BCEAC77009483F5 /* Stream.swift in Sources */,
				686ED5AF1BD53F730096BC1E /* GestureDB.m in Sources */,
				72CAE6D21BBFAED100F01E09 /* CompassRoseView.swift in Sources */,
				72F911791BC9553300A0DED8 /* LocationViewController.swift in Sources */,
				7218A4401BD625AF00199861 /* GestureTrainingViewController.swift in Sources */,
				686ED5C21BD53F730096BC1E /* TrainingViewController.m in Sources */,
				7249288B1BCEAC9F009483F5 /* Resources.swift in Sources */,
				7218A4451BD627EA00199861 /* GesturesViewController.swift in Sources */,
				686ED5B41BD53F730096BC1E /* IFChoiceTableViewController.m in Sources */,
				686ED5BB1BD53F730096BC1E /* IFTemporaryModel.m in Sources */,
				72C7CD361BCFEF4C0084B066 /* CursorKit.swift in Sources */,
				72CAE6D61BBFB74900F01E09 /* CompassView.swift in Sources */,
				72F911771BC9553300A0DED8 /* CursorViewController.swift in Sources */,
				686ED5BE1BD53F730096BC1E /* IFValueCellController.m in Sources */,
				724928571BCEAC77009483F5 /* ResponseSerialization.swift in Sources */,
				72CAE6E01BBFCAB100F01E09 /* Array.swift in Sources */,
				724928851BCEAC9F009483F5 /* Client.swift in Sources */,
				72F33B291BCF855B0092C363 /* DeviceObjectView.swift in Sources */,
				686ED5B51BD53F730096BC1E /* IFControlTableViewCell.m in Sources */,
				72CAE6DA1BBFB93400F01E09 /* Numeric.swift in Sources */,
				72F911781BC9553300A0DED8 /* LocationView.swift in Sources */,
				72F911761BC9553300A0DED8 /* CursorView.swift in Sources */,
				72CAE6ED1BBFDE6A00F01E09 /* DevicesGridView.swift in Sources */,
				724928511BCEAC77009483F5 /* Error.swift in Sources */,
				7220F1341BC2A41200FC3268 /* MotionRecognizer.swift in Sources */,
				686ED5B11BD53F730096BC1E /* GestureRecorder.m in Sources */,
			);
			runOnlyForDeploymentPostprocessing = 0;
		};
/* End PBXSourcesBuildPhase section */

/* Begin PBXVariantGroup section */
		722B78E21BBD364500AD490E /* LaunchScreen.storyboard */ = {
			isa = PBXVariantGroup;
			children = (
				722B78E31BBD364500AD490E /* Base */,
			);
			name = LaunchScreen.storyboard;
			sourceTree = "<group>";
		};
/* End PBXVariantGroup section */

/* Begin XCBuildConfiguration section */
		722B78E61BBD364500AD490E /* Debug */ = {
			isa = XCBuildConfiguration;
			buildSettings = {
				ALWAYS_SEARCH_USER_PATHS = NO;
				CLANG_CXX_LANGUAGE_STANDARD = "gnu++0x";
				CLANG_CXX_LIBRARY = "libc++";
				CLANG_ENABLE_MODULES = YES;
				CLANG_ENABLE_OBJC_ARC = YES;
				CLANG_WARN_BOOL_CONVERSION = YES;
				CLANG_WARN_CONSTANT_CONVERSION = YES;
				CLANG_WARN_DIRECT_OBJC_ISA_USAGE = YES_ERROR;
				CLANG_WARN_EMPTY_BODY = YES;
				CLANG_WARN_ENUM_CONVERSION = YES;
				CLANG_WARN_INT_CONVERSION = YES;
				CLANG_WARN_OBJC_ROOT_CLASS = YES_ERROR;
				CLANG_WARN_UNREACHABLE_CODE = YES;
				CLANG_WARN__DUPLICATE_METHOD_MATCH = YES;
				"CODE_SIGN_IDENTITY[sdk=iphoneos*]" = "iPhone Developer";
				COPY_PHASE_STRIP = NO;
				DEBUG_INFORMATION_FORMAT = dwarf;
				ENABLE_STRICT_OBJC_MSGSEND = YES;
				ENABLE_TESTABILITY = YES;
				GCC_C_LANGUAGE_STANDARD = gnu99;
				GCC_DYNAMIC_NO_PIC = NO;
				GCC_NO_COMMON_BLOCKS = YES;
				GCC_OPTIMIZATION_LEVEL = 0;
				GCC_PREPROCESSOR_DEFINITIONS = (
					"DEBUG=1",
					"$(inherited)",
				);
				GCC_WARN_64_TO_32_BIT_CONVERSION = YES;
				GCC_WARN_ABOUT_RETURN_TYPE = YES_ERROR;
				GCC_WARN_UNDECLARED_SELECTOR = YES;
				GCC_WARN_UNINITIALIZED_AUTOS = YES_AGGRESSIVE;
				GCC_WARN_UNUSED_FUNCTION = YES;
				GCC_WARN_UNUSED_VARIABLE = YES;
				IPHONEOS_DEPLOYMENT_TARGET = 9.1;
				MTL_ENABLE_DEBUG_INFO = YES;
				ONLY_ACTIVE_ARCH = YES;
				SDKROOT = iphoneos;
				SWIFT_OPTIMIZATION_LEVEL = "-Onone";
			};
			name = Debug;
		};
		722B78E71BBD364500AD490E /* Release */ = {
			isa = XCBuildConfiguration;
			buildSettings = {
				ALWAYS_SEARCH_USER_PATHS = NO;
				CLANG_CXX_LANGUAGE_STANDARD = "gnu++0x";
				CLANG_CXX_LIBRARY = "libc++";
				CLANG_ENABLE_MODULES = YES;
				CLANG_ENABLE_OBJC_ARC = YES;
				CLANG_WARN_BOOL_CONVERSION = YES;
				CLANG_WARN_CONSTANT_CONVERSION = YES;
				CLANG_WARN_DIRECT_OBJC_ISA_USAGE = YES_ERROR;
				CLANG_WARN_EMPTY_BODY = YES;
				CLANG_WARN_ENUM_CONVERSION = YES;
				CLANG_WARN_INT_CONVERSION = YES;
				CLANG_WARN_OBJC_ROOT_CLASS = YES_ERROR;
				CLANG_WARN_UNREACHABLE_CODE = YES;
				CLANG_WARN__DUPLICATE_METHOD_MATCH = YES;
				"CODE_SIGN_IDENTITY[sdk=iphoneos*]" = "iPhone Developer";
				COPY_PHASE_STRIP = NO;
				DEBUG_INFORMATION_FORMAT = "dwarf-with-dsym";
				ENABLE_NS_ASSERTIONS = NO;
				ENABLE_STRICT_OBJC_MSGSEND = YES;
				GCC_C_LANGUAGE_STANDARD = gnu99;
				GCC_NO_COMMON_BLOCKS = YES;
				GCC_WARN_64_TO_32_BIT_CONVERSION = YES;
				GCC_WARN_ABOUT_RETURN_TYPE = YES_ERROR;
				GCC_WARN_UNDECLARED_SELECTOR = YES;
				GCC_WARN_UNINITIALIZED_AUTOS = YES_AGGRESSIVE;
				GCC_WARN_UNUSED_FUNCTION = YES;
				GCC_WARN_UNUSED_VARIABLE = YES;
				IPHONEOS_DEPLOYMENT_TARGET = 9.1;
				MTL_ENABLE_DEBUG_INFO = NO;
				SDKROOT = iphoneos;
				VALIDATE_PRODUCT = YES;
			};
			name = Release;
		};
		722B78E91BBD364500AD490E /* Debug */ = {
			isa = XCBuildConfiguration;
			buildSettings = {
				ASSETCATALOG_COMPILER_APPICON_NAME = AppIcon;
				ASSETCATALOG_COMPILER_LAUNCHIMAGE_NAME = LaunchImage;
				CODE_SIGN_IDENTITY = "iPhone Developer";
				"CODE_SIGN_IDENTITY[sdk=iphoneos*]" = "iPhone Developer";
				EMBEDDED_CONTENT_CONTAINS_SWIFT = YES;
				ENABLE_BITCODE = NO;
				FRAMEWORK_SEARCH_PATHS = "$(inherited)";
				INFOPLIST_FILE = Cursor/Info.plist;
				IPHONEOS_DEPLOYMENT_TARGET = 7.1;
				LD_RUNPATH_SEARCH_PATHS = "$(inherited) @executable_path/Frameworks";
				LIBRARY_SEARCH_PATHS = (
					"$(inherited)",
					"$(PROJECT_DIR)/Frameworks/iOS-Indoor-SDK/EstimoteIndoorLocationSDK",
					"$(PROJECT_DIR)/Frameworks/iOS-Indoor-SDK/EstimoteSDK",
				);
				OTHER_LDFLAGS = "-lc++";
				PRODUCT_BUNDLE_IDENTIFIER = dk.simonbs.Cursor;
				PRODUCT_NAME = "$(TARGET_NAME)";
				PROVISIONING_PROFILE = "";
				SWIFT_OBJC_BRIDGING_HEADER = "$(PROJECT_DIR)/Cursor/Source/Cursor-BridgingHeader.h";
			};
			name = Debug;
		};
		722B78EA1BBD364500AD490E /* Release */ = {
			isa = XCBuildConfiguration;
			buildSettings = {
				ASSETCATALOG_COMPILER_APPICON_NAME = AppIcon;
				ASSETCATALOG_COMPILER_LAUNCHIMAGE_NAME = LaunchImage;
				CODE_SIGN_IDENTITY = "iPhone Developer";
				"CODE_SIGN_IDENTITY[sdk=iphoneos*]" = "iPhone Developer";
				EMBEDDED_CONTENT_CONTAINS_SWIFT = YES;
				ENABLE_BITCODE = NO;
				FRAMEWORK_SEARCH_PATHS = "$(inherited)";
				INFOPLIST_FILE = Cursor/Info.plist;
				IPHONEOS_DEPLOYMENT_TARGET = 7.1;
				LD_RUNPATH_SEARCH_PATHS = "$(inherited) @executable_path/Frameworks";
				LIBRARY_SEARCH_PATHS = (
					"$(inherited)",
					"$(PROJECT_DIR)/Frameworks/iOS-Indoor-SDK/EstimoteIndoorLocationSDK",
					"$(PROJECT_DIR)/Frameworks/iOS-Indoor-SDK/EstimoteSDK",
				);
				OTHER_LDFLAGS = "-lc++";
				PRODUCT_BUNDLE_IDENTIFIER = dk.simonbs.Cursor;
				PRODUCT_NAME = "$(TARGET_NAME)";
				PROVISIONING_PROFILE = "";
				SWIFT_OBJC_BRIDGING_HEADER = "$(PROJECT_DIR)/Cursor/Source/Cursor-BridgingHeader.h";
			};
			name = Release;
		};
/* End XCBuildConfiguration section */

/* Begin XCConfigurationList section */
		722B78D11BBD364500AD490E /* Build configuration list for PBXProject "Cursor" */ = {
			isa = XCConfigurationList;
			buildConfigurations = (
				722B78E61BBD364500AD490E /* Debug */,
				722B78E71BBD364500AD490E /* Release */,
			);
			defaultConfigurationIsVisible = 0;
			defaultConfigurationName = Release;
		};
		722B78E81BBD364500AD490E /* Build configuration list for PBXNativeTarget "Cursor" */ = {
			isa = XCConfigurationList;
			buildConfigurations = (
				722B78E91BBD364500AD490E /* Debug */,
				722B78EA1BBD364500AD490E /* Release */,
			);
			defaultConfigurationIsVisible = 0;
			defaultConfigurationName = Release;
		};
/* End XCConfigurationList section */
	};
	rootObject = 722B78CE1BBD364500AD490E /* Project object */;
}
